// !$*UTF8*$!
{
	archiveVersion = 1;
	classes = {
	};
	objectVersion = 56;
	objects = {

/* Begin PBXBuildFile section */
		4F7E9D7C2B4AD53D00147FAB /* DemoPage.swift in Sources */ = {isa = PBXBuildFile; fileRef = 4F7E9D7B2B4AD53D00147FAB /* DemoPage.swift */; };
		4FAA41B52B123A5D00D6E6AE /* HelloNavigationApp.swift in Sources */ = {isa = PBXBuildFile; fileRef = 4FAA41B42B123A5D00D6E6AE /* HelloNavigationApp.swift */; };
		4FAA41B72B123A5D00D6E6AE /* ContentView.swift in Sources */ = {isa = PBXBuildFile; fileRef = 4FAA41B62B123A5D00D6E6AE /* ContentView.swift */; };
		4FAA41B92B123A6000D6E6AE /* Assets.xcassets in Resources */ = {isa = PBXBuildFile; fileRef = 4FAA41B82B123A6000D6E6AE /* Assets.xcassets */; };
		4FAA41BC2B123A6000D6E6AE /* Preview Assets.xcassets in Resources */ = {isa = PBXBuildFile; fileRef = 4FAA41BB2B123A6000D6E6AE /* Preview Assets.xcassets */; };
		4FBE2B6D2B133D9D005BBC43 /* UseNavigationSplitView.swift in Sources */ = {isa = PBXBuildFile; fileRef = 4FBE2B6C2B133D9D005BBC43 /* UseNavigationSplitView.swift */; };
		4FBE2B712B133E01005BBC43 /* ListlData.swift in Sources */ = {isa = PBXBuildFile; fileRef = 4FBE2B702B133E01005BBC43 /* ListlData.swift */; };
		4FBE2B732B133E1F005BBC43 /* ListItemLandmark.swift in Sources */ = {isa = PBXBuildFile; fileRef = 4FBE2B722B133E1F005BBC43 /* ListItemLandmark.swift */; };
		4FBE2B752B133EF3005BBC43 /* ListDataLandmark.json in Resources */ = {isa = PBXBuildFile; fileRef = 4FBE2B742B133EF3005BBC43 /* ListDataLandmark.json */; };
		4FBE2B772B133FBD005BBC43 /* ListRowView.swift in Sources */ = {isa = PBXBuildFile; fileRef = 4FBE2B762B133FBD005BBC43 /* ListRowView.swift */; };
		4FBE2B792B134024005BBC43 /* ListRowDetailView.swift in Sources */ = {isa = PBXBuildFile; fileRef = 4FBE2B782B134024005BBC43 /* ListRowDetailView.swift */; };
		4FBE2B7B2B13404A005BBC43 /* MapView.swift in Sources */ = {isa = PBXBuildFile; fileRef = 4FBE2B7A2B13404A005BBC43 /* MapView.swift */; };
		4FBE2B7D2B134097005BBC43 /* CircleImageView.swift in Sources */ = {isa = PBXBuildFile; fileRef = 4FBE2B7C2B134097005BBC43 /* CircleImageView.swift */; };
/* End PBXBuildFile section */

/* Begin PBXFileReference section */
		4F7E9D7B2B4AD53D00147FAB /* DemoPage.swift */ = {isa = PBXFileReference; lastKnownFileType = sourcecode.swift; path = DemoPage.swift; sourceTree = "<group>"; };
		4FAA41B12B123A5D00D6E6AE /* HelloNavigation.app */ = {isa = PBXFileReference; explicitFileType = wrapper.application; includeInIndex = 0; path = HelloNavigation.app; sourceTree = BUILT_PRODUCTS_DIR; };
		4FAA41B42B123A5D00D6E6AE /* HelloNavigationApp.swift */ = {isa = PBXFileReference; lastKnownFileType = sourcecode.swift; path = HelloNavigationApp.swift; sourceTree = "<group>"; };
		4FAA41B62B123A5D00D6E6AE /* ContentView.swift */ = {isa = PBXFileReference; lastKnownFileType = sourcecode.swift; path = ContentView.swift; sourceTree = "<group>"; };
		4FAA41B82B123A6000D6E6AE /* Assets.xcassets */ = {isa = PBXFileReference; lastKnownFileType = folder.assetcatalog; path = Assets.xcassets; sourceTree = "<group>"; };
		4FAA41BB2B123A6000D6E6AE /* Preview Assets.xcassets */ = {isa = PBXFileReference; lastKnownFileType = folder.assetcatalog; path = "Preview Assets.xcassets"; sourceTree = "<group>"; };
		4FBE2B6C2B133D9D005BBC43 /* UseNavigationSplitView.swift */ = {isa = PBXFileReference; lastKnownFileType = sourcecode.swift; path = UseNavigationSplitView.swift; sourceTree = "<group>"; };
		4FBE2B702B133E01005BBC43 /* ListlData.swift */ = {isa = PBXFileReference; lastKnownFileType = sourcecode.swift; path = ListlData.swift; sourceTree = "<group>"; };
		4FBE2B722B133E1F005BBC43 /* ListItemLandmark.swift */ = {isa = PBXFileReference; lastKnownFileType = sourcecode.swift; path = ListItemLandmark.swift; sourceTree = "<group>"; };
		4FBE2B742B133EF3005BBC43 /* ListDataLandmark.json */ = {isa = PBXFileReference; fileEncoding = 4; lastKnownFileType = text.json; path = ListDataLandmark.json; sourceTree = "<group>"; };
		4FBE2B762B133FBD005BBC43 /* ListRowView.swift */ = {isa = PBXFileReference; lastKnownFileType = sourcecode.swift; path = ListRowView.swift; sourceTree = "<group>"; };
		4FBE2B782B134024005BBC43 /* ListRowDetailView.swift */ = {isa = PBXFileReference; lastKnownFileType = sourcecode.swift; path = ListRowDetailView.swift; sourceTree = "<group>"; };
		4FBE2B7A2B13404A005BBC43 /* MapView.swift */ = {isa = PBXFileReference; lastKnownFileType = sourcecode.swift; path = MapView.swift; sourceTree = "<group>"; };
		4FBE2B7C2B134097005BBC43 /* CircleImageView.swift */ = {isa = PBXFileReference; lastKnownFileType = sourcecode.swift; path = CircleImageView.swift; sourceTree = "<group>"; };
/* End PBXFileReference section */

/* Begin PBXFrameworksBuildPhase section */
		4FAA41AE2B123A5D00D6E6AE /* Frameworks */ = {
			isa = PBXFrameworksBuildPhase;
			buildActionMask = 2147483647;
			files = (
			);
			runOnlyForDeploymentPostprocessing = 0;
		};
/* End PBXFrameworksBuildPhase section */

/* Begin PBXGroup section */
		4F7E9D792B4AD49300147FAB /* AppTestDemos */ = {
			isa = PBXGroup;
			children = (
				4F7E9D7A2B4AD4A700147FAB /* UseNavigationSplitView */,
			);
			path = AppTestDemos;
			sourceTree = "<group>";
		};
		4F7E9D7A2B4AD4A700147FAB /* UseNavigationSplitView */ = {
			isa = PBXGroup;
			children = (
				4FBE2B6F2B133DDA005BBC43 /* Models */,
				4FBE2B6B2B133D88005BBC43 /* Views */,
				4FBE2B6C2B133D9D005BBC43 /* UseNavigationSplitView.swift */,
			);
			path = UseNavigationSplitView;
			sourceTree = "<group>";
		};
		4FAA41A82B123A5D00D6E6AE = {
			isa = PBXGroup;
			children = (
				4FAA41B32B123A5D00D6E6AE /* HelloNavigation */,
				4FAA41B22B123A5D00D6E6AE /* Products */,
			);
			sourceTree = "<group>";
		};
		4FAA41B22B123A5D00D6E6AE /* Products */ = {
			isa = PBXGroup;
			children = (
				4FAA41B12B123A5D00D6E6AE /* HelloNavigation.app */,
			);
			name = Products;
			sourceTree = "<group>";
		};
		4FAA41B32B123A5D00D6E6AE /* HelloNavigation */ = {
			isa = PBXGroup;
			children = (
				4F7E9D792B4AD49300147FAB /* AppTestDemos */,
				4FAA41B42B123A5D00D6E6AE /* HelloNavigationApp.swift */,
				4FAA41B62B123A5D00D6E6AE /* ContentView.swift */,
				4F7E9D7B2B4AD53D00147FAB /* DemoPage.swift */,
				4FAA41B82B123A6000D6E6AE /* Assets.xcassets */,
				4FBE2B6E2B133DC9005BBC43 /* Resources */,
				4FAA41BA2B123A6000D6E6AE /* Preview Content */,
			);
			path = HelloNavigation;
			sourceTree = "<group>";
		};
		4FAA41BA2B123A6000D6E6AE /* Preview Content */ = {
			isa = PBXGroup;
			children = (
				4FAA41BB2B123A6000D6E6AE /* Preview Assets.xcassets */,
			);
			path = "Preview Content";
			sourceTree = "<group>";
		};
		4FBE2B6B2B133D88005BBC43 /* Views */ = {
			isa = PBXGroup;
			children = (
				4FBE2B762B133FBD005BBC43 /* ListRowView.swift */,
				4FBE2B782B134024005BBC43 /* ListRowDetailView.swift */,
				4FBE2B7A2B13404A005BBC43 /* MapView.swift */,
				4FBE2B7C2B134097005BBC43 /* CircleImageView.swift */,
			);
			path = Views;
			sourceTree = "<group>";
		};
		4FBE2B6E2B133DC9005BBC43 /* Resources */ = {
			isa = PBXGroup;
			children = (
				4FBE2B742B133EF3005BBC43 /* ListDataLandmark.json */,
			);
			path = Resources;
			sourceTree = "<group>";
		};
		4FBE2B6F2B133DDA005BBC43 /* Models */ = {
			isa = PBXGroup;
			children = (
				4FBE2B702B133E01005BBC43 /* ListlData.swift */,
				4FBE2B722B133E1F005BBC43 /* ListItemLandmark.swift */,
			);
			path = Models;
			sourceTree = "<group>";
		};
/* End PBXGroup section */

/* Begin PBXNativeTarget section */
		4FAA41B02B123A5D00D6E6AE /* HelloNavigation */ = {
			isa = PBXNativeTarget;
			buildConfigurationList = 4FAA41BF2B123A6000D6E6AE /* Build configuration list for PBXNativeTarget "HelloNavigation" */;
			buildPhases = (
				4FAA41AD2B123A5D00D6E6AE /* Sources */,
				4FAA41AE2B123A5D00D6E6AE /* Frameworks */,
				4FAA41AF2B123A5D00D6E6AE /* Resources */,
			);
			buildRules = (
			);
			dependencies = (
			);
			name = HelloNavigation;
			productName = HelloNavigation;
			productReference = 4FAA41B12B123A5D00D6E6AE /* HelloNavigation.app */;
			productType = "com.apple.product-type.application";
		};
/* End PBXNativeTarget section */

/* Begin PBXProject section */
		4FAA41A92B123A5D00D6E6AE /* Project object */ = {
			isa = PBXProject;
			attributes = {
				BuildIndependentTargetsInParallel = 1;
				LastSwiftUpdateCheck = 1430;
				LastUpgradeCheck = 1430;
				TargetAttributes = {
					4FAA41B02B123A5D00D6E6AE = {
						CreatedOnToolsVersion = 14.3.1;
					};
				};
			};
			buildConfigurationList = 4FAA41AC2B123A5D00D6E6AE /* Build configuration list for PBXProject "HelloNavigation" */;
			compatibilityVersion = "Xcode 14.0";
			developmentRegion = en;
			hasScannedForEncodings = 0;
			knownRegions = (
				en,
				Base,
			);
			mainGroup = 4FAA41A82B123A5D00D6E6AE;
			productRefGroup = 4FAA41B22B123A5D00D6E6AE /* Products */;
			projectDirPath = "";
			projectRoot = "";
			targets = (
				4FAA41B02B123A5D00D6E6AE /* HelloNavigation */,
			);
		};
/* End PBXProject section */

/* Begin PBXResourcesBuildPhase section */
		4FAA41AF2B123A5D00D6E6AE /* Resources */ = {
			isa = PBXResourcesBuildPhase;
			buildActionMask = 2147483647;
			files = (
				4FAA41BC2B123A6000D6E6AE /* Preview Assets.xcassets in Resources */,
				4FAA41B92B123A6000D6E6AE /* Assets.xcassets in Resources */,
				4FBE2B752B133EF3005BBC43 /* ListDataLandmark.json in Resources */,
			);
			runOnlyForDeploymentPostprocessing = 0;
		};
/* End PBXResourcesBuildPhase section */

/* Begin PBXSourcesBuildPhase section */
		4FAA41AD2B123A5D00D6E6AE /* Sources */ = {
			isa = PBXSourcesBuildPhase;
			buildActionMask = 2147483647;
			files = (
				4FAA41B72B123A5D00D6E6AE /* ContentView.swift in Sources */,
				4FBE2B7D2B134097005BBC43 /* CircleImageView.swift in Sources */,
				4FBE2B7B2B13404A005BBC43 /* MapView.swift in Sources */,
				4FBE2B732B133E1F005BBC43 /* ListItemLandmark.swift in Sources */,
				4FBE2B772B133FBD005BBC43 /* ListRowView.swift in Sources */,
				4F7E9D7C2B4AD53D00147FAB /* DemoPage.swift in Sources */,
				4FAA41B52B123A5D00D6E6AE /* HelloNavigationApp.swift in Sources */,
				4FBE2B712B133E01005BBC43 /* ListlData.swift in Sources */,
				4FBE2B6D2B133D9D005BBC43 /* UseNavigationSplitView.swift in Sources */,
				4FBE2B792B134024005BBC43 /* ListRowDetailView.swift in Sources */,
			);
			runOnlyForDeploymentPostprocessing = 0;
		};
/* End PBXSourcesBuildPhase section */

/* Begin XCBuildConfiguration section */
		4FAA41BD2B123A6000D6E6AE /* Debug */ = {
			isa = XCBuildConfiguration;
			buildSettings = {
				ALWAYS_SEARCH_USER_PATHS = NO;
				CLANG_ANALYZER_NONNULL = YES;
				CLANG_ANALYZER_NUMBER_OBJECT_CONVERSION = YES_AGGRESSIVE;
				CLANG_CXX_LANGUAGE_STANDARD = "gnu++20";
				CLANG_ENABLE_MODULES = YES;
				CLANG_ENABLE_OBJC_ARC = YES;
				CLANG_ENABLE_OBJC_WEAK = YES;
				CLANG_WARN_BLOCK_CAPTURE_AUTORELEASING = YES;
				CLANG_WARN_BOOL_CONVERSION = YES;
				CLANG_WARN_COMMA = YES;
				CLANG_WARN_CONSTANT_CONVERSION = YES;
				CLANG_WARN_DEPRECATED_OBJC_IMPLEMENTATIONS = YES;
				CLANG_WARN_DIRECT_OBJC_ISA_USAGE = YES_ERROR;
				CLANG_WARN_DOCUMENTATION_COMMENTS = YES;
				CLANG_WARN_EMPTY_BODY = YES;
				CLANG_WARN_ENUM_CONVERSION = YES;
				CLANG_WARN_INFINITE_RECURSION = YES;
				CLANG_WARN_INT_CONVERSION = YES;
				CLANG_WARN_NON_LITERAL_NULL_CONVERSION = YES;
				CLANG_WARN_OBJC_IMPLICIT_RETAIN_SELF = YES;
				CLANG_WARN_OBJC_LITERAL_CONVERSION = YES;
				CLANG_WARN_OBJC_ROOT_CLASS = YES_ERROR;
				CLANG_WARN_QUOTED_INCLUDE_IN_FRAMEWORK_HEADER = YES;
				CLANG_WARN_RANGE_LOOP_ANALYSIS = YES;
				CLANG_WARN_STRICT_PROTOTYPES = YES;
				CLANG_WARN_SUSPICIOUS_MOVE = YES;
				CLANG_WARN_UNGUARDED_AVAILABILITY = YES_AGGRESSIVE;
				CLANG_WARN_UNREACHABLE_CODE = YES;
				CLANG_WARN__DUPLICATE_METHOD_MATCH = YES;
				COPY_PHASE_STRIP = NO;
				DEBUG_INFORMATION_FORMAT = dwarf;
				ENABLE_STRICT_OBJC_MSGSEND = YES;
				ENABLE_TESTABILITY = YES;
				GCC_C_LANGUAGE_STANDARD = gnu11;
				GCC_DYNAMIC_NO_PIC = NO;
				GCC_NO_COMMON_BLOCKS = YES;
				GCC_OPTIMIZATION_LEVEL = 0;
				GCC_PREPROCESSOR_DEFINITIONS = (
					"DEBUG=1",
					"$(inherited)",
				);
				GCC_WARN_64_TO_32_BIT_CONVERSION = YES;
				GCC_WARN_ABOUT_RETURN_TYPE = YES_ERROR;
				GCC_WARN_UNDECLARED_SELECTOR = YES;
				GCC_WARN_UNINITIALIZED_AUTOS = YES_AGGRESSIVE;
				GCC_WARN_UNUSED_FUNCTION = YES;
				GCC_WARN_UNUSED_VARIABLE = YES;
				IPHONEOS_DEPLOYMENT_TARGET = 16.4;
				MTL_ENABLE_DEBUG_INFO = INCLUDE_SOURCE;
				MTL_FAST_MATH = YES;
				ONLY_ACTIVE_ARCH = YES;
				SDKROOT = iphoneos;
				SWIFT_ACTIVE_COMPILATION_CONDITIONS = DEBUG;
				SWIFT_OPTIMIZATION_LEVEL = "-Onone";
			};
			name = Debug;
		};
		4FAA41BE2B123A6000D6E6AE /* Release */ = {
			isa = XCBuildConfiguration;
			buildSettings = {
				ALWAYS_SEARCH_USER_PATHS = NO;
				CLANG_ANALYZER_NONNULL = YES;
				CLANG_ANALYZER_NUMBER_OBJECT_CONVERSION = YES_AGGRESSIVE;
				CLANG_CXX_LANGUAGE_STANDARD = "gnu++20";
				CLANG_ENABLE_MODULES = YES;
				CLANG_ENABLE_OBJC_ARC = YES;
				CLANG_ENABLE_OBJC_WEAK = YES;
				CLANG_WARN_BLOCK_CAPTURE_AUTORELEASING = YES;
				CLANG_WARN_BOOL_CONVERSION = YES;
				CLANG_WARN_COMMA = YES;
				CLANG_WARN_CONSTANT_CONVERSION = YES;
				CLANG_WARN_DEPRECATED_OBJC_IMPLEMENTATIONS = YES;
				CLANG_WARN_DIRECT_OBJC_ISA_USAGE = YES_ERROR;
				CLANG_WARN_DOCUMENTATION_COMMENTS = YES;
				CLANG_WARN_EMPTY_BODY = YES;
				CLANG_WARN_ENUM_CONVERSION = YES;
				CLANG_WARN_INFINITE_RECURSION = YES;
				CLANG_WARN_INT_CONVERSION = YES;
				CLANG_WARN_NON_LITERAL_NULL_CONVERSION = YES;
				CLANG_WARN_OBJC_IMPLICIT_RETAIN_SELF = YES;
				CLANG_WARN_OBJC_LITERAL_CONVERSION = YES;
				CLANG_WARN_OBJC_ROOT_CLASS = YES_ERROR;
				CLANG_WARN_QUOTED_INCLUDE_IN_FRAMEWORK_HEADER = YES;
				CLANG_WARN_RANGE_LOOP_ANALYSIS = YES;
				CLANG_WARN_STRICT_PROTOTYPES = YES;
				CLANG_WARN_SUSPICIOUS_MOVE = YES;
				CLANG_WARN_UNGUARDED_AVAILABILITY = YES_AGGRESSIVE;
				CLANG_WARN_UNREACHABLE_CODE = YES;
				CLANG_WARN__DUPLICATE_METHOD_MATCH = YES;
				COPY_PHASE_STRIP = NO;
				DEBUG_INFORMATION_FORMAT = "dwarf-with-dsym";
				ENABLE_NS_ASSERTIONS = NO;
				ENABLE_STRICT_OBJC_MSGSEND = YES;
				GCC_C_LANGUAGE_STANDARD = gnu11;
				GCC_NO_COMMON_BLOCKS = YES;
				GCC_WARN_64_TO_32_BIT_CONVERSION = YES;
				GCC_WARN_ABOUT_RETURN_TYPE = YES_ERROR;
				GCC_WARN_UNDECLARED_SELECTOR = YES;
				GCC_WARN_UNINITIALIZED_AUTOS = YES_AGGRESSIVE;
				GCC_WARN_UNUSED_FUNCTION = YES;
				GCC_WARN_UNUSED_VARIABLE = YES;
				IPHONEOS_DEPLOYMENT_TARGET = 16.4;
				MTL_ENABLE_DEBUG_INFO = NO;
				MTL_FAST_MATH = YES;
				SDKROOT = iphoneos;
				SWIFT_COMPILATION_MODE = wholemodule;
				SWIFT_OPTIMIZATION_LEVEL = "-O";
				VALIDATE_PRODUCT = YES;
			};
			name = Release;
		};
		4FAA41C02B123A6000D6E6AE /* Debug */ = {
			isa = XCBuildConfiguration;
			buildSettings = {
				ASSETCATALOG_COMPILER_APPICON_NAME = AppIcon;
				ASSETCATALOG_COMPILER_GLOBAL_ACCENT_COLOR_NAME = AccentColor;
				CODE_SIGN_STYLE = Automatic;
				CURRENT_PROJECT_VERSION = 1;
				DEVELOPMENT_ASSET_PATHS = "\"HelloNavigation/Preview Content\"";
				ENABLE_PREVIEWS = YES;
				GENERATE_INFOPLIST_FILE = YES;
				INFOPLIST_KEY_UIApplicationSceneManifest_Generation = YES;
				INFOPLIST_KEY_UIApplicationSupportsIndirectInputEvents = YES;
				INFOPLIST_KEY_UILaunchScreen_Generation = YES;
				INFOPLIST_KEY_UISupportedInterfaceOrientations_iPad = "UIInterfaceOrientationPortrait UIInterfaceOrientationPortraitUpsideDown UIInterfaceOrientationLandscapeLeft UIInterfaceOrientationLandscapeRight";
				INFOPLIST_KEY_UISupportedInterfaceOrientations_iPhone = "UIInterfaceOrientationPortrait UIInterfaceOrientationLandscapeLeft UIInterfaceOrientationLandscapeRight";
				LD_RUNPATH_SEARCH_PATHS = (
					"$(inherited)",
					"@executable_path/Frameworks",
				);
				MARKETING_VERSION = 1.0;
				PRODUCT_BUNDLE_IDENTIFIER = com.wc.HelloNavigation;
				PRODUCT_NAME = "$(TARGET_NAME)";
				SWIFT_EMIT_LOC_STRINGS = YES;
				SWIFT_VERSION = 5.0;
				TARGETED_DEVICE_FAMILY = "1,2";
			};
			name = Debug;
		};
		4FAA41C12B123A6000D6E6AE /* Release */ = {
			isa = XCBuildConfiguration;
			buildSettings = {
				ASSETCATALOG_COMPILER_APPICON_NAME = AppIcon;
				ASSETCATALOG_COMPILER_GLOBAL_ACCENT_COLOR_NAME = AccentColor;
				CODE_SIGN_STYLE = Automatic;
				CURRENT_PROJECT_VERSION = 1;
				DEVELOPMENT_ASSET_PATHS = "\"HelloNavigation/Preview Content\"";
				ENABLE_PREVIEWS = YES;
				GENERATE_INFOPLIST_FILE = YES;
				INFOPLIST_KEY_UIApplicationSceneManifest_Generation = YES;
				INFOPLIST_KEY_UIApplicationSupportsIndirectInputEvents = YES;
				INFOPLIST_KEY_UILaunchScreen_Generation = YES;
				INFOPLIST_KEY_UISupportedInterfaceOrientations_iPad = "UIInterfaceOrientationPortrait UIInterfaceOrientationPortraitUpsideDown UIInterfaceOrientationLandscapeLeft UIInterfaceOrientationLandscapeRight";
				INFOPLIST_KEY_UISupportedInterfaceOrientations_iPhone = "UIInterfaceOrientationPortrait UIInterfaceOrientationLandscapeLeft UIInterfaceOrientationLandscapeRight";
				LD_RUNPATH_SEARCH_PATHS = (
					"$(inherited)",
					"@executable_path/Frameworks",
				);
				MARKETING_VERSION = 1.0;
				PRODUCT_BUNDLE_IDENTIFIER = com.wc.HelloNavigation;
				PRODUCT_NAME = "$(TARGET_NAME)";
				SWIFT_EMIT_LOC_STRINGS = YES;
				SWIFT_VERSION = 5.0;
				TARGETED_DEVICE_FAMILY = "1,2";
			};
			name = Release;
		};
/* End XCBuildConfiguration section */

/* Begin XCConfigurationList section */
		4FAA41AC2B123A5D00D6E6AE /* Build configuration list for PBXProject "HelloNavigation" */ = {
			isa = XCConfigurationList;
			buildConfigurations = (
				4FAA41BD2B123A6000D6E6AE /* Debug */,
				4FAA41BE2B123A6000D6E6AE /* Release */,
			);
			defaultConfigurationIsVisible = 0;
			defaultConfigurationName = Release;
		};
		4FAA41BF2B123A6000D6E6AE /* Build configuration list for PBXNativeTarget "HelloNavigation" */ = {
			isa = XCConfigurationList;
			buildConfigurations = (
				4FAA41C02B123A6000D6E6AE /* Debug */,
				4FAA41C12B123A6000D6E6AE /* Release */,
			);
			defaultConfigurationIsVisible = 0;
			defaultConfigurationName = Release;
		};
/* End XCConfigurationList section */
	};
	rootObject = 4FAA41A92B123A5D00D6E6AE /* Project object */;
}
