// !$*UTF8*$!
{
	archiveVersion = 1;
	classes = {
	};
	objectVersion = 56;
	objects = {

/* Begin PBXBuildFile section */
		4F69E2412B8A2C7400C68871 /* UseWithAnimation.swift in Sources */ = {isa = PBXBuildFile; fileRef = 4F69E2402B8A2C7400C68871 /* UseWithAnimation.swift */; };
		4F951D482B54E13600D6AE2E /* CommonForHike.swift in Sources */ = {isa = PBXBuildFile; fileRef = 4F951D472B54E13600D6AE2E /* CommonForHike.swift */; };
		4F951D4A2B54E1D400D6AE2E /* ShowSingleHikeGraph.swift in Sources */ = {isa = PBXBuildFile; fileRef = 4F951D492B54E1D400D6AE2E /* ShowSingleHikeGraph.swift */; };
		4F9F5BC72B4B9B5C00B18FBC /* ModelData.swift in Sources */ = {isa = PBXBuildFile; fileRef = 4F9F5BC62B4B9B5C00B18FBC /* ModelData.swift */; };
		4F9F5BCA2B4B9B9500B18FBC /* hikeData.json in Resources */ = {isa = PBXBuildFile; fileRef = 4F9F5BC92B4B9B9500B18FBC /* hikeData.json */; };
		4F9F5BCD2B4B9BE300B18FBC /* Hike.swift in Sources */ = {isa = PBXBuildFile; fileRef = 4F9F5BCC2B4B9BE300B18FBC /* Hike.swift */; };
		4F9F5BCF2B4B9C3200B18FBC /* HikeView.swift in Sources */ = {isa = PBXBuildFile; fileRef = 4F9F5BCE2B4B9C3200B18FBC /* HikeView.swift */; };
		4F9F5BD12B4B9C4000B18FBC /* HikeDetail.swift in Sources */ = {isa = PBXBuildFile; fileRef = 4F9F5BD02B4B9C4000B18FBC /* HikeDetail.swift */; };
		4F9F5BD32B4B9C5000B18FBC /* HikeGraph.swift in Sources */ = {isa = PBXBuildFile; fileRef = 4F9F5BD22B4B9C5000B18FBC /* HikeGraph.swift */; };
		4F9F5BD62B4BA04F00B18FBC /* GraphCapsule.swift in Sources */ = {isa = PBXBuildFile; fileRef = 4F9F5BD52B4BA04F00B18FBC /* GraphCapsule.swift */; };
		4FB258C42B4B95F4005A59A2 /* DemoPage.swift in Sources */ = {isa = PBXBuildFile; fileRef = 4FB258BF2B4B95F4005A59A2 /* DemoPage.swift */; };
		4FB258C52B4B95F4005A59A2 /* UseScaleEffect.swift in Sources */ = {isa = PBXBuildFile; fileRef = 4FB258C12B4B95F4005A59A2 /* UseScaleEffect.swift */; };
		4FB258C62B4B95F4005A59A2 /* ShowThreeHikeGraphs.swift in Sources */ = {isa = PBXBuildFile; fileRef = 4FB258C22B4B95F4005A59A2 /* ShowThreeHikeGraphs.swift */; };
		4FB258C72B4B95F4005A59A2 /* UseRotationEffect.swift in Sources */ = {isa = PBXBuildFile; fileRef = 4FB258C32B4B95F4005A59A2 /* UseRotationEffect.swift */; };
		4FCF5DA82B4AE93D0062E7F4 /* HelloAnimationApp.swift in Sources */ = {isa = PBXBuildFile; fileRef = 4FCF5DA72B4AE93D0062E7F4 /* HelloAnimationApp.swift */; };
		4FCF5DAA2B4AE93D0062E7F4 /* ContentView.swift in Sources */ = {isa = PBXBuildFile; fileRef = 4FCF5DA92B4AE93D0062E7F4 /* ContentView.swift */; };
		4FCF5DAC2B4AE9400062E7F4 /* Assets.xcassets in Resources */ = {isa = PBXBuildFile; fileRef = 4FCF5DAB2B4AE9400062E7F4 /* Assets.xcassets */; };
		4FCF5DAF2B4AE9400062E7F4 /* Preview Assets.xcassets in Resources */ = {isa = PBXBuildFile; fileRef = 4FCF5DAE2B4AE9400062E7F4 /* Preview Assets.xcassets */; };
		4FDE99622B8B21BB002940A9 /* UseTransition.swift in Sources */ = {isa = PBXBuildFile; fileRef = 4FDE99612B8B21BB002940A9 /* UseTransition.swift */; };
		4FEEAB462B4FB9AE009DF0FB /* ShowGraphCapsule.swift in Sources */ = {isa = PBXBuildFile; fileRef = 4FEEAB452B4FB9AE009DF0FB /* ShowGraphCapsule.swift */; };
/* End PBXBuildFile section */

/* Begin PBXFileReference section */
		4F69E2402B8A2C7400C68871 /* UseWithAnimation.swift */ = {isa = PBXFileReference; fileEncoding = 4; lastKnownFileType = sourcecode.swift; path = UseWithAnimation.swift; sourceTree = "<group>"; };
		4F951D472B54E13600D6AE2E /* CommonForHike.swift */ = {isa = PBXFileReference; lastKnownFileType = sourcecode.swift; path = CommonForHike.swift; sourceTree = "<group>"; };
		4F951D492B54E1D400D6AE2E /* ShowSingleHikeGraph.swift */ = {isa = PBXFileReference; lastKnownFileType = sourcecode.swift; path = ShowSingleHikeGraph.swift; sourceTree = "<group>"; };
		4F9F5BC62B4B9B5C00B18FBC /* ModelData.swift */ = {isa = PBXFileReference; lastKnownFileType = sourcecode.swift; path = ModelData.swift; sourceTree = "<group>"; };
		4F9F5BC92B4B9B9500B18FBC /* hikeData.json */ = {isa = PBXFileReference; fileEncoding = 4; lastKnownFileType = text.json; path = hikeData.json; sourceTree = "<group>"; };
		4F9F5BCC2B4B9BE300B18FBC /* Hike.swift */ = {isa = PBXFileReference; lastKnownFileType = sourcecode.swift; path = Hike.swift; sourceTree = "<group>"; };
		4F9F5BCE2B4B9C3200B18FBC /* HikeView.swift */ = {isa = PBXFileReference; lastKnownFileType = sourcecode.swift; path = HikeView.swift; sourceTree = "<group>"; };
		4F9F5BD02B4B9C4000B18FBC /* HikeDetail.swift */ = {isa = PBXFileReference; lastKnownFileType = sourcecode.swift; path = HikeDetail.swift; sourceTree = "<group>"; };
		4F9F5BD22B4B9C5000B18FBC /* HikeGraph.swift */ = {isa = PBXFileReference; lastKnownFileType = sourcecode.swift; path = HikeGraph.swift; sourceTree = "<group>"; };
		4F9F5BD52B4BA04F00B18FBC /* GraphCapsule.swift */ = {isa = PBXFileReference; lastKnownFileType = sourcecode.swift; path = GraphCapsule.swift; sourceTree = "<group>"; };
		4FB258BF2B4B95F4005A59A2 /* DemoPage.swift */ = {isa = PBXFileReference; fileEncoding = 4; lastKnownFileType = sourcecode.swift; path = DemoPage.swift; sourceTree = "<group>"; };
		4FB258C12B4B95F4005A59A2 /* UseScaleEffect.swift */ = {isa = PBXFileReference; fileEncoding = 4; lastKnownFileType = sourcecode.swift; path = UseScaleEffect.swift; sourceTree = "<group>"; };
		4FB258C22B4B95F4005A59A2 /* ShowThreeHikeGraphs.swift */ = {isa = PBXFileReference; fileEncoding = 4; lastKnownFileType = sourcecode.swift; path = ShowThreeHikeGraphs.swift; sourceTree = "<group>"; };
		4FB258C32B4B95F4005A59A2 /* UseRotationEffect.swift */ = {isa = PBXFileReference; fileEncoding = 4; lastKnownFileType = sourcecode.swift; path = UseRotationEffect.swift; sourceTree = "<group>"; };
		4FCF5DA42B4AE93D0062E7F4 /* HelloAnimation.app */ = {isa = PBXFileReference; explicitFileType = wrapper.application; includeInIndex = 0; path = HelloAnimation.app; sourceTree = BUILT_PRODUCTS_DIR; };
		4FCF5DA72B4AE93D0062E7F4 /* HelloAnimationApp.swift */ = {isa = PBXFileReference; lastKnownFileType = sourcecode.swift; path = HelloAnimationApp.swift; sourceTree = "<group>"; };
		4FCF5DA92B4AE93D0062E7F4 /* ContentView.swift */ = {isa = PBXFileReference; lastKnownFileType = sourcecode.swift; path = ContentView.swift; sourceTree = "<group>"; };
		4FCF5DAB2B4AE9400062E7F4 /* Assets.xcassets */ = {isa = PBXFileReference; lastKnownFileType = folder.assetcatalog; path = Assets.xcassets; sourceTree = "<group>"; };
		4FCF5DAE2B4AE9400062E7F4 /* Preview Assets.xcassets */ = {isa = PBXFileReference; lastKnownFileType = folder.assetcatalog; path = "Preview Assets.xcassets"; sourceTree = "<group>"; };
		4FDE99612B8B21BB002940A9 /* UseTransition.swift */ = {isa = PBXFileReference; fileEncoding = 4; lastKnownFileType = sourcecode.swift; path = UseTransition.swift; sourceTree = "<group>"; };
		4FEEAB452B4FB9AE009DF0FB /* ShowGraphCapsule.swift */ = {isa = PBXFileReference; lastKnownFileType = sourcecode.swift; path = ShowGraphCapsule.swift; sourceTree = "<group>"; };
/* End PBXFileReference section */

/* Begin PBXFrameworksBuildPhase section */
		4FCF5DA12B4AE93D0062E7F4 /* Frameworks */ = {
			isa = PBXFrameworksBuildPhase;
			buildActionMask = 2147483647;
			files = (
			);
			runOnlyForDeploymentPostprocessing = 0;
		};
/* End PBXFrameworksBuildPhase section */

/* Begin PBXGroup section */
		4F9F5BC52B4B9B4700B18FBC /* Model */ = {
			isa = PBXGroup;
			children = (
				4F9F5BC62B4B9B5C00B18FBC /* ModelData.swift */,
				4F9F5BCC2B4B9BE300B18FBC /* Hike.swift */,
			);
			path = Model;
			sourceTree = "<group>";
		};
		4F9F5BC82B4B9B7400B18FBC /* Resources */ = {
			isa = PBXGroup;
			children = (
				4F9F5BC92B4B9B9500B18FBC /* hikeData.json */,
			);
			path = Resources;
			sourceTree = "<group>";
		};
		4F9F5BCB2B4B9BB500B18FBC /* Hikes */ = {
			isa = PBXGroup;
			children = (
				4F951D472B54E13600D6AE2E /* CommonForHike.swift */,
				4FEEAB452B4FB9AE009DF0FB /* ShowGraphCapsule.swift */,
				4F951D492B54E1D400D6AE2E /* ShowSingleHikeGraph.swift */,
				4FB258C22B4B95F4005A59A2 /* ShowThreeHikeGraphs.swift */,
				4F9F5BD42B4B9C5700B18FBC /* Views */,
				4F9F5BC52B4B9B4700B18FBC /* Model */,
			);
			path = Hikes;
			sourceTree = "<group>";
		};
		4F9F5BD42B4B9C5700B18FBC /* Views */ = {
			isa = PBXGroup;
			children = (
				4F9F5BCE2B4B9C3200B18FBC /* HikeView.swift */,
				4F9F5BD02B4B9C4000B18FBC /* HikeDetail.swift */,
				4F9F5BD22B4B9C5000B18FBC /* HikeGraph.swift */,
				4F9F5BD52B4BA04F00B18FBC /* GraphCapsule.swift */,
			);
			path = Views;
			sourceTree = "<group>";
		};
		4FB258C02B4B95F4005A59A2 /* AppTestDemos */ = {
			isa = PBXGroup;
			children = (
				4F9F5BCB2B4B9BB500B18FBC /* Hikes */,
				4FB258C32B4B95F4005A59A2 /* UseRotationEffect.swift */,
				4FB258C12B4B95F4005A59A2 /* UseScaleEffect.swift */,
				4FDE99612B8B21BB002940A9 /* UseTransition.swift */,
				4F69E2402B8A2C7400C68871 /* UseWithAnimation.swift */,
			);
			path = AppTestDemos;
			sourceTree = "<group>";
		};
		4FCF5D9B2B4AE93D0062E7F4 = {
			isa = PBXGroup;
			children = (
				4FCF5DA62B4AE93D0062E7F4 /* HelloAnimation */,
				4FCF5DA52B4AE93D0062E7F4 /* Products */,
			);
			sourceTree = "<group>";
		};
		4FCF5DA52B4AE93D0062E7F4 /* Products */ = {
			isa = PBXGroup;
			children = (
				4FCF5DA42B4AE93D0062E7F4 /* HelloAnimation.app */,
			);
			name = Products;
			sourceTree = "<group>";
		};
		4FCF5DA62B4AE93D0062E7F4 /* HelloAnimation */ = {
			isa = PBXGroup;
			children = (
				4FB258C02B4B95F4005A59A2 /* AppTestDemos */,
				4FCF5DA72B4AE93D0062E7F4 /* HelloAnimationApp.swift */,
				4FCF5DA92B4AE93D0062E7F4 /* ContentView.swift */,
				4FB258BF2B4B95F4005A59A2 /* DemoPage.swift */,
				4F9F5BC82B4B9B7400B18FBC /* Resources */,
				4FCF5DAB2B4AE9400062E7F4 /* Assets.xcassets */,
				4FCF5DAD2B4AE9400062E7F4 /* Preview Content */,
			);
			path = HelloAnimation;
			sourceTree = "<group>";
		};
		4FCF5DAD2B4AE9400062E7F4 /* Preview Content */ = {
			isa = PBXGroup;
			children = (
				4FCF5DAE2B4AE9400062E7F4 /* Preview Assets.xcassets */,
			);
			path = "Preview Content";
			sourceTree = "<group>";
		};
/* End PBXGroup section */

/* Begin PBXNativeTarget section */
		4FCF5DA32B4AE93D0062E7F4 /* HelloAnimation */ = {
			isa = PBXNativeTarget;
			buildConfigurationList = 4FCF5DB22B4AE9400062E7F4 /* Build configuration list for PBXNativeTarget "HelloAnimation" */;
			buildPhases = (
				4FCF5DA02B4AE93D0062E7F4 /* Sources */,
				4FCF5DA12B4AE93D0062E7F4 /* Frameworks */,
				4FCF5DA22B4AE93D0062E7F4 /* Resources */,
			);
			buildRules = (
			);
			dependencies = (
			);
			name = HelloAnimation;
			productName = HelloAnimation;
			productReference = 4FCF5DA42B4AE93D0062E7F4 /* HelloAnimation.app */;
			productType = "com.apple.product-type.application";
		};
/* End PBXNativeTarget section */

/* Begin PBXProject section */
		4FCF5D9C2B4AE93D0062E7F4 /* Project object */ = {
			isa = PBXProject;
			attributes = {
				BuildIndependentTargetsInParallel = 1;
				LastSwiftUpdateCheck = 1430;
				LastUpgradeCheck = 1430;
				TargetAttributes = {
					4FCF5DA32B4AE93D0062E7F4 = {
						CreatedOnToolsVersion = 14.3.1;
					};
				};
			};
			buildConfigurationList = 4FCF5D9F2B4AE93D0062E7F4 /* Build configuration list for PBXProject "HelloAnimation" */;
			compatibilityVersion = "Xcode 14.0";
			developmentRegion = en;
			hasScannedForEncodings = 0;
			knownRegions = (
				en,
				Base,
			);
			mainGroup = 4FCF5D9B2B4AE93D0062E7F4;
			productRefGroup = 4FCF5DA52B4AE93D0062E7F4 /* Products */;
			projectDirPath = "";
			projectRoot = "";
			targets = (
				4FCF5DA32B4AE93D0062E7F4 /* HelloAnimation */,
			);
		};
/* End PBXProject section */

/* Begin PBXResourcesBuildPhase section */
		4FCF5DA22B4AE93D0062E7F4 /* Resources */ = {
			isa = PBXResourcesBuildPhase;
			buildActionMask = 2147483647;
			files = (
				4FCF5DAF2B4AE9400062E7F4 /* Preview Assets.xcassets in Resources */,
				4F9F5BCA2B4B9B9500B18FBC /* hikeData.json in Resources */,
				4FCF5DAC2B4AE9400062E7F4 /* Assets.xcassets in Resources */,
			);
			runOnlyForDeploymentPostprocessing = 0;
		};
/* End PBXResourcesBuildPhase section */

/* Begin PBXSourcesBuildPhase section */
		4FCF5DA02B4AE93D0062E7F4 /* Sources */ = {
			isa = PBXSourcesBuildPhase;
			buildActionMask = 2147483647;
			files = (
				4FCF5DAA2B4AE93D0062E7F4 /* ContentView.swift in Sources */,
				4FDE99622B8B21BB002940A9 /* UseTransition.swift in Sources */,
				4F9F5BD32B4B9C5000B18FBC /* HikeGraph.swift in Sources */,
				4FCF5DA82B4AE93D0062E7F4 /* HelloAnimationApp.swift in Sources */,
				4FB258C72B4B95F4005A59A2 /* UseRotationEffect.swift in Sources */,
				4FB258C62B4B95F4005A59A2 /* ShowThreeHikeGraphs.swift in Sources */,
				4F9F5BCF2B4B9C3200B18FBC /* HikeView.swift in Sources */,
				4FB258C42B4B95F4005A59A2 /* DemoPage.swift in Sources */,
				4FEEAB462B4FB9AE009DF0FB /* ShowGraphCapsule.swift in Sources */,
				4FB258C52B4B95F4005A59A2 /* UseScaleEffect.swift in Sources */,
				4F9F5BD62B4BA04F00B18FBC /* GraphCapsule.swift in Sources */,
				4F69E2412B8A2C7400C68871 /* UseWithAnimation.swift in Sources */,
				4F9F5BCD2B4B9BE300B18FBC /* Hike.swift in Sources */,
				4F9F5BC72B4B9B5C00B18FBC /* ModelData.swift in Sources */,
				4F9F5BD12B4B9C4000B18FBC /* HikeDetail.swift in Sources */,
				4F951D482B54E13600D6AE2E /* CommonForHike.swift in Sources */,
				4F951D4A2B54E1D400D6AE2E /* ShowSingleHikeGraph.swift in Sources */,
			);
			runOnlyForDeploymentPostprocessing = 0;
		};
/* End PBXSourcesBuildPhase section */

/* Begin XCBuildConfiguration section */
		4FCF5DB02B4AE9400062E7F4 /* Debug */ = {
			isa = XCBuildConfiguration;
			buildSettings = {
				ALWAYS_SEARCH_USER_PATHS = NO;
				CLANG_ANALYZER_NONNULL = YES;
				CLANG_ANALYZER_NUMBER_OBJECT_CONVERSION = YES_AGGRESSIVE;
				CLANG_CXX_LANGUAGE_STANDARD = "gnu++20";
				CLANG_ENABLE_MODULES = YES;
				CLANG_ENABLE_OBJC_ARC = YES;
				CLANG_ENABLE_OBJC_WEAK = YES;
				CLANG_WARN_BLOCK_CAPTURE_AUTORELEASING = YES;
				CLANG_WARN_BOOL_CONVERSION = YES;
				CLANG_WARN_COMMA = YES;
				CLANG_WARN_CONSTANT_CONVERSION = YES;
				CLANG_WARN_DEPRECATED_OBJC_IMPLEMENTATIONS = YES;
				CLANG_WARN_DIRECT_OBJC_ISA_USAGE = YES_ERROR;
				CLANG_WARN_DOCUMENTATION_COMMENTS = YES;
				CLANG_WARN_EMPTY_BODY = YES;
				CLANG_WARN_ENUM_CONVERSION = YES;
				CLANG_WARN_INFINITE_RECURSION = YES;
				CLANG_WARN_INT_CONVERSION = YES;
				CLANG_WARN_NON_LITERAL_NULL_CONVERSION = YES;
				CLANG_WARN_OBJC_IMPLICIT_RETAIN_SELF = YES;
				CLANG_WARN_OBJC_LITERAL_CONVERSION = YES;
				CLANG_WARN_OBJC_ROOT_CLASS = YES_ERROR;
				CLANG_WARN_QUOTED_INCLUDE_IN_FRAMEWORK_HEADER = YES;
				CLANG_WARN_RANGE_LOOP_ANALYSIS = YES;
				CLANG_WARN_STRICT_PROTOTYPES = YES;
				CLANG_WARN_SUSPICIOUS_MOVE = YES;
				CLANG_WARN_UNGUARDED_AVAILABILITY = YES_AGGRESSIVE;
				CLANG_WARN_UNREACHABLE_CODE = YES;
				CLANG_WARN__DUPLICATE_METHOD_MATCH = YES;
				COPY_PHASE_STRIP = NO;
				DEBUG_INFORMATION_FORMAT = dwarf;
				ENABLE_STRICT_OBJC_MSGSEND = YES;
				ENABLE_TESTABILITY = YES;
				GCC_C_LANGUAGE_STANDARD = gnu11;
				GCC_DYNAMIC_NO_PIC = NO;
				GCC_NO_COMMON_BLOCKS = YES;
				GCC_OPTIMIZATION_LEVEL = 0;
				GCC_PREPROCESSOR_DEFINITIONS = (
					"DEBUG=1",
					"$(inherited)",
				);
				GCC_WARN_64_TO_32_BIT_CONVERSION = YES;
				GCC_WARN_ABOUT_RETURN_TYPE = YES_ERROR;
				GCC_WARN_UNDECLARED_SELECTOR = YES;
				GCC_WARN_UNINITIALIZED_AUTOS = YES_AGGRESSIVE;
				GCC_WARN_UNUSED_FUNCTION = YES;
				GCC_WARN_UNUSED_VARIABLE = YES;
				IPHONEOS_DEPLOYMENT_TARGET = 14.0;
				MTL_ENABLE_DEBUG_INFO = INCLUDE_SOURCE;
				MTL_FAST_MATH = YES;
				ONLY_ACTIVE_ARCH = YES;
				SDKROOT = iphoneos;
				SWIFT_ACTIVE_COMPILATION_CONDITIONS = DEBUG;
				SWIFT_OPTIMIZATION_LEVEL = "-Onone";
			};
			name = Debug;
		};
		4FCF5DB12B4AE9400062E7F4 /* Release */ = {
			isa = XCBuildConfiguration;
			buildSettings = {
				ALWAYS_SEARCH_USER_PATHS = NO;
				CLANG_ANALYZER_NONNULL = YES;
				CLANG_ANALYZER_NUMBER_OBJECT_CONVERSION = YES_AGGRESSIVE;
				CLANG_CXX_LANGUAGE_STANDARD = "gnu++20";
				CLANG_ENABLE_MODULES = YES;
				CLANG_ENABLE_OBJC_ARC = YES;
				CLANG_ENABLE_OBJC_WEAK = YES;
				CLANG_WARN_BLOCK_CAPTURE_AUTORELEASING = YES;
				CLANG_WARN_BOOL_CONVERSION = YES;
				CLANG_WARN_COMMA = YES;
				CLANG_WARN_CONSTANT_CONVERSION = YES;
				CLANG_WARN_DEPRECATED_OBJC_IMPLEMENTATIONS = YES;
				CLANG_WARN_DIRECT_OBJC_ISA_USAGE = YES_ERROR;
				CLANG_WARN_DOCUMENTATION_COMMENTS = YES;
				CLANG_WARN_EMPTY_BODY = YES;
				CLANG_WARN_ENUM_CONVERSION = YES;
				CLANG_WARN_INFINITE_RECURSION = YES;
				CLANG_WARN_INT_CONVERSION = YES;
				CLANG_WARN_NON_LITERAL_NULL_CONVERSION = YES;
				CLANG_WARN_OBJC_IMPLICIT_RETAIN_SELF = YES;
				CLANG_WARN_OBJC_LITERAL_CONVERSION = YES;
				CLANG_WARN_OBJC_ROOT_CLASS = YES_ERROR;
				CLANG_WARN_QUOTED_INCLUDE_IN_FRAMEWORK_HEADER = YES;
				CLANG_WARN_RANGE_LOOP_ANALYSIS = YES;
				CLANG_WARN_STRICT_PROTOTYPES = YES;
				CLANG_WARN_SUSPICIOUS_MOVE = YES;
				CLANG_WARN_UNGUARDED_AVAILABILITY = YES_AGGRESSIVE;
				CLANG_WARN_UNREACHABLE_CODE = YES;
				CLANG_WARN__DUPLICATE_METHOD_MATCH = YES;
				COPY_PHASE_STRIP = NO;
				DEBUG_INFORMATION_FORMAT = "dwarf-with-dsym";
				ENABLE_NS_ASSERTIONS = NO;
				ENABLE_STRICT_OBJC_MSGSEND = YES;
				GCC_C_LANGUAGE_STANDARD = gnu11;
				GCC_NO_COMMON_BLOCKS = YES;
				GCC_WARN_64_TO_32_BIT_CONVERSION = YES;
				GCC_WARN_ABOUT_RETURN_TYPE = YES_ERROR;
				GCC_WARN_UNDECLARED_SELECTOR = YES;
				GCC_WARN_UNINITIALIZED_AUTOS = YES_AGGRESSIVE;
				GCC_WARN_UNUSED_FUNCTION = YES;
				GCC_WARN_UNUSED_VARIABLE = YES;
				IPHONEOS_DEPLOYMENT_TARGET = 14.0;
				MTL_ENABLE_DEBUG_INFO = NO;
				MTL_FAST_MATH = YES;
				SDKROOT = iphoneos;
				SWIFT_COMPILATION_MODE = wholemodule;
				SWIFT_OPTIMIZATION_LEVEL = "-O";
				VALIDATE_PRODUCT = YES;
			};
			name = Release;
		};
		4FCF5DB32B4AE9400062E7F4 /* Debug */ = {
			isa = XCBuildConfiguration;
			buildSettings = {
				ASSETCATALOG_COMPILER_APPICON_NAME = AppIcon;
				ASSETCATALOG_COMPILER_GLOBAL_ACCENT_COLOR_NAME = AccentColor;
				CODE_SIGN_STYLE = Automatic;
				CURRENT_PROJECT_VERSION = 1;
				DEVELOPMENT_ASSET_PATHS = "\"HelloAnimation/Preview Content\"";
				DEVELOPMENT_TEAM = U7337LU6F2;
				ENABLE_PREVIEWS = YES;
				GENERATE_INFOPLIST_FILE = YES;
				INFOPLIST_KEY_UIApplicationSceneManifest_Generation = YES;
				INFOPLIST_KEY_UIApplicationSupportsIndirectInputEvents = YES;
				INFOPLIST_KEY_UILaunchScreen_Generation = YES;
				INFOPLIST_KEY_UISupportedInterfaceOrientations_iPad = "UIInterfaceOrientationPortrait UIInterfaceOrientationPortraitUpsideDown UIInterfaceOrientationLandscapeLeft UIInterfaceOrientationLandscapeRight";
				INFOPLIST_KEY_UISupportedInterfaceOrientations_iPhone = "UIInterfaceOrientationPortrait UIInterfaceOrientationLandscapeLeft UIInterfaceOrientationLandscapeRight";
				LD_RUNPATH_SEARCH_PATHS = (
					"$(inherited)",
					"@executable_path/Frameworks",
				);
				MARKETING_VERSION = 1.0;
				PRODUCT_BUNDLE_IDENTIFIER = com.wc.HelloAnimation;
				PRODUCT_NAME = "$(TARGET_NAME)";
				SWIFT_EMIT_LOC_STRINGS = YES;
				SWIFT_VERSION = 5.0;
				TARGETED_DEVICE_FAMILY = "1,2";
			};
			name = Debug;
		};
		4FCF5DB42B4AE9400062E7F4 /* Release */ = {
			isa = XCBuildConfiguration;
			buildSettings = {
				ASSETCATALOG_COMPILER_APPICON_NAME = AppIcon;
				ASSETCATALOG_COMPILER_GLOBAL_ACCENT_COLOR_NAME = AccentColor;
				CODE_SIGN_STYLE = Automatic;
				CURRENT_PROJECT_VERSION = 1;
				DEVELOPMENT_ASSET_PATHS = "\"HelloAnimation/Preview Content\"";
				DEVELOPMENT_TEAM = U7337LU6F2;
				ENABLE_PREVIEWS = YES;
				GENERATE_INFOPLIST_FILE = YES;
				INFOPLIST_KEY_UIApplicationSceneManifest_Generation = YES;
				INFOPLIST_KEY_UIApplicationSupportsIndirectInputEvents = YES;
				INFOPLIST_KEY_UILaunchScreen_Generation = YES;
				INFOPLIST_KEY_UISupportedInterfaceOrientations_iPad = "UIInterfaceOrientationPortrait UIInterfaceOrientationPortraitUpsideDown UIInterfaceOrientationLandscapeLeft UIInterfaceOrientationLandscapeRight";
				INFOPLIST_KEY_UISupportedInterfaceOrientations_iPhone = "UIInterfaceOrientationPortrait UIInterfaceOrientationLandscapeLeft UIInterfaceOrientationLandscapeRight";
				LD_RUNPATH_SEARCH_PATHS = (
					"$(inherited)",
					"@executable_path/Frameworks",
				);
				MARKETING_VERSION = 1.0;
				PRODUCT_BUNDLE_IDENTIFIER = com.wc.HelloAnimation;
				PRODUCT_NAME = "$(TARGET_NAME)";
				SWIFT_EMIT_LOC_STRINGS = YES;
				SWIFT_VERSION = 5.0;
				TARGETED_DEVICE_FAMILY = "1,2";
			};
			name = Release;
		};
/* End XCBuildConfiguration section */

/* Begin XCConfigurationList section */
		4FCF5D9F2B4AE93D0062E7F4 /* Build configuration list for PBXProject "HelloAnimation" */ = {
			isa = XCConfigurationList;
			buildConfigurations = (
				4FCF5DB02B4AE9400062E7F4 /* Debug */,
				4FCF5DB12B4AE9400062E7F4 /* Release */,
			);
			defaultConfigurationIsVisible = 0;
			defaultConfigurationName = Release;
		};
		4FCF5DB22B4AE9400062E7F4 /* Build configuration list for PBXNativeTarget "HelloAnimation" */ = {
			isa = XCConfigurationList;
			buildConfigurations = (
				4FCF5DB32B4AE9400062E7F4 /* Debug */,
				4FCF5DB42B4AE9400062E7F4 /* Release */,
			);
			defaultConfigurationIsVisible = 0;
			defaultConfigurationName = Release;
		};
/* End XCConfigurationList section */
	};
	rootObject = 4FCF5D9C2B4AE93D0062E7F4 /* Project object */;
}
