// !$*UTF8*$!
{
	archiveVersion = 1;
	classes = {
	};
	objectVersion = 55;
	objects = {

/* Begin PBXBuildFile section */
		4F38F43D28A8FD8A00A833DC /* Test.swift in Sources */ = {isa = PBXBuildFile; fileRef = 4F38F43C28A8FD8A00A833DC /* Test.swift */; };
		4FC4429E28A7DB50006D720E /* AppDelegate.swift in Sources */ = {isa = PBXBuildFile; fileRef = 4FC4429D28A7DB50006D720E /* AppDelegate.swift */; };
		4FC442A028A7DB50006D720E /* SceneDelegate.swift in Sources */ = {isa = PBXBuildFile; fileRef = 4FC4429F28A7DB50006D720E /* SceneDelegate.swift */; };
		4FC442A228A7DB50006D720E /* ViewController.swift in Sources */ = {isa = PBXBuildFile; fileRef = 4FC442A128A7DB50006D720E /* ViewController.swift */; };
		4FC442A528A7DB50006D720E /* Main.storyboard in Resources */ = {isa = PBXBuildFile; fileRef = 4FC442A328A7DB50006D720E /* Main.storyboard */; };
		4FC442A728A7DB52006D720E /* Assets.xcassets in Resources */ = {isa = PBXBuildFile; fileRef = 4FC442A628A7DB52006D720E /* Assets.xcassets */; };
		4FC442AA28A7DB52006D720E /* LaunchScreen.storyboard in Resources */ = {isa = PBXBuildFile; fileRef = 4FC442A828A7DB52006D720E /* LaunchScreen.storyboard */; };
		4FC442B828A7DB65006D720E /* Test_tutorial.swift in Sources */ = {isa = PBXBuildFile; fileRef = 4FC442B728A7DB65006D720E /* Test_tutorial.swift */; };
/* End PBXBuildFile section */

/* Begin PBXContainerItemProxy section */
		4FC442B928A7DB65006D720E /* PBXContainerItemProxy */ = {
			isa = PBXContainerItemProxy;
			containerPortal = 4FC4429228A7DB4F006D720E /* Project object */;
			proxyType = 1;
			remoteGlobalIDString = 4FC4429928A7DB50006D720E;
			remoteInfo = HelloSQLiteTutorial;
		};
/* End PBXContainerItemProxy section */

/* Begin PBXFileReference section */
		4F38F43C28A8FD8A00A833DC /* Test.swift */ = {isa = PBXFileReference; lastKnownFileType = sourcecode.swift; path = Test.swift; sourceTree = "<group>"; };
		4FC4429A28A7DB50006D720E /* HelloSQLiteTutorial.app */ = {isa = PBXFileReference; explicitFileType = wrapper.application; includeInIndex = 0; path = HelloSQLiteTutorial.app; sourceTree = BUILT_PRODUCTS_DIR; };
		4FC4429D28A7DB50006D720E /* AppDelegate.swift */ = {isa = PBXFileReference; lastKnownFileType = sourcecode.swift; path = AppDelegate.swift; sourceTree = "<group>"; };
		4FC4429F28A7DB50006D720E /* SceneDelegate.swift */ = {isa = PBXFileReference; lastKnownFileType = sourcecode.swift; path = SceneDelegate.swift; sourceTree = "<group>"; };
		4FC442A128A7DB50006D720E /* ViewController.swift */ = {isa = PBXFileReference; lastKnownFileType = sourcecode.swift; path = ViewController.swift; sourceTree = "<group>"; };
		4FC442A428A7DB50006D720E /* Base */ = {isa = PBXFileReference; lastKnownFileType = file.storyboard; name = Base; path = Base.lproj/Main.storyboard; sourceTree = "<group>"; };
		4FC442A628A7DB52006D720E /* Assets.xcassets */ = {isa = PBXFileReference; lastKnownFileType = folder.assetcatalog; path = Assets.xcassets; sourceTree = "<group>"; };
		4FC442A928A7DB52006D720E /* Base */ = {isa = PBXFileReference; lastKnownFileType = file.storyboard; name = Base; path = Base.lproj/LaunchScreen.storyboard; sourceTree = "<group>"; };
		4FC442AB28A7DB52006D720E /* Info.plist */ = {isa = PBXFileReference; lastKnownFileType = text.plist.xml; path = Info.plist; sourceTree = "<group>"; };
		4FC442B528A7DB65006D720E /* Test.xctest */ = {isa = PBXFileReference; explicitFileType = wrapper.cfbundle; includeInIndex = 0; path = Test.xctest; sourceTree = BUILT_PRODUCTS_DIR; };
		4FC442B728A7DB65006D720E /* Test_tutorial.swift */ = {isa = PBXFileReference; lastKnownFileType = sourcecode.swift; path = Test_tutorial.swift; sourceTree = "<group>"; };
/* End PBXFileReference section */

/* Begin PBXFrameworksBuildPhase section */
		4FC4429728A7DB50006D720E /* Frameworks */ = {
			isa = PBXFrameworksBuildPhase;
			buildActionMask = 2147483647;
			files = (
			);
			runOnlyForDeploymentPostprocessing = 0;
		};
		4FC442B228A7DB65006D720E /* Frameworks */ = {
			isa = PBXFrameworksBuildPhase;
			buildActionMask = 2147483647;
			files = (
			);
			runOnlyForDeploymentPostprocessing = 0;
		};
/* End PBXFrameworksBuildPhase section */

/* Begin PBXGroup section */
		4FC4429128A7DB4F006D720E = {
			isa = PBXGroup;
			children = (
				4FC4429C28A7DB50006D720E /* HelloSQLiteTutorial */,
				4FC442B628A7DB65006D720E /* Test */,
				4FC4429B28A7DB50006D720E /* Products */,
			);
			sourceTree = "<group>";
		};
		4FC4429B28A7DB50006D720E /* Products */ = {
			isa = PBXGroup;
			children = (
				4FC4429A28A7DB50006D720E /* HelloSQLiteTutorial.app */,
				4FC442B528A7DB65006D720E /* Test.xctest */,
			);
			name = Products;
			sourceTree = "<group>";
		};
		4FC4429C28A7DB50006D720E /* HelloSQLiteTutorial */ = {
			isa = PBXGroup;
			children = (
				4FC4429D28A7DB50006D720E /* AppDelegate.swift */,
				4FC4429F28A7DB50006D720E /* SceneDelegate.swift */,
				4FC442A128A7DB50006D720E /* ViewController.swift */,
				4FC442A328A7DB50006D720E /* Main.storyboard */,
				4FC442A628A7DB52006D720E /* Assets.xcassets */,
				4FC442A828A7DB52006D720E /* LaunchScreen.storyboard */,
				4FC442AB28A7DB52006D720E /* Info.plist */,
			);
			path = HelloSQLiteTutorial;
			sourceTree = "<group>";
		};
		4FC442B628A7DB65006D720E /* Test */ = {
			isa = PBXGroup;
			children = (
				4FC442B728A7DB65006D720E /* Test_tutorial.swift */,
				4F38F43C28A8FD8A00A833DC /* Test.swift */,
			);
			path = Test;
			sourceTree = "<group>";
		};
/* End PBXGroup section */

/* Begin PBXNativeTarget section */
		4FC4429928A7DB50006D720E /* HelloSQLiteTutorial */ = {
			isa = PBXNativeTarget;
			buildConfigurationList = 4FC442AE28A7DB52006D720E /* Build configuration list for PBXNativeTarget "HelloSQLiteTutorial" */;
			buildPhases = (
				4FC4429628A7DB50006D720E /* Sources */,
				4FC4429728A7DB50006D720E /* Frameworks */,
				4FC4429828A7DB50006D720E /* Resources */,
			);
			buildRules = (
			);
			dependencies = (
			);
			name = HelloSQLiteTutorial;
			productName = HelloSQLiteTutorial;
			productReference = 4FC4429A28A7DB50006D720E /* HelloSQLiteTutorial.app */;
			productType = "com.apple.product-type.application";
		};
		4FC442B428A7DB65006D720E /* Test */ = {
			isa = PBXNativeTarget;
			buildConfigurationList = 4FC442BB28A7DB65006D720E /* Build configuration list for PBXNativeTarget "Test" */;
			buildPhases = (
				4FC442B128A7DB65006D720E /* Sources */,
				4FC442B228A7DB65006D720E /* Frameworks */,
				4FC442B328A7DB65006D720E /* Resources */,
			);
			buildRules = (
			);
			dependencies = (
				4FC442BA28A7DB65006D720E /* PBXTargetDependency */,
			);
			name = Test;
			productName = Test;
			productReference = 4FC442B528A7DB65006D720E /* Test.xctest */;
			productType = "com.apple.product-type.bundle.unit-test";
		};
/* End PBXNativeTarget section */

/* Begin PBXProject section */
		4FC4429228A7DB4F006D720E /* Project object */ = {
			isa = PBXProject;
			attributes = {
				BuildIndependentTargetsInParallel = 1;
				LastSwiftUpdateCheck = 1340;
				LastUpgradeCheck = 1340;
				TargetAttributes = {
					4FC4429928A7DB50006D720E = {
						CreatedOnToolsVersion = 13.4.1;
					};
					4FC442B428A7DB65006D720E = {
						CreatedOnToolsVersion = 13.4.1;
						TestTargetID = 4FC4429928A7DB50006D720E;
					};
				};
			};
			buildConfigurationList = 4FC4429528A7DB4F006D720E /* Build configuration list for PBXProject "HelloSQLiteTutorial" */;
			compatibilityVersion = "Xcode 13.0";
			developmentRegion = en;
			hasScannedForEncodings = 0;
			knownRegions = (
				en,
				Base,
			);
			mainGroup = 4FC4429128A7DB4F006D720E;
			productRefGroup = 4FC4429B28A7DB50006D720E /* Products */;
			projectDirPath = "";
			projectRoot = "";
			targets = (
				4FC4429928A7DB50006D720E /* HelloSQLiteTutorial */,
				4FC442B428A7DB65006D720E /* Test */,
			);
		};
/* End PBXProject section */

/* Begin PBXResourcesBuildPhase section */
		4FC4429828A7DB50006D720E /* Resources */ = {
			isa = PBXResourcesBuildPhase;
			buildActionMask = 2147483647;
			files = (
				4FC442AA28A7DB52006D720E /* LaunchScreen.storyboard in Resources */,
				4FC442A728A7DB52006D720E /* Assets.xcassets in Resources */,
				4FC442A528A7DB50006D720E /* Main.storyboard in Resources */,
			);
			runOnlyForDeploymentPostprocessing = 0;
		};
		4FC442B328A7DB65006D720E /* Resources */ = {
			isa = PBXResourcesBuildPhase;
			buildActionMask = 2147483647;
			files = (
			);
			runOnlyForDeploymentPostprocessing = 0;
		};
/* End PBXResourcesBuildPhase section */

/* Begin PBXSourcesBuildPhase section */
		4FC4429628A7DB50006D720E /* Sources */ = {
			isa = PBXSourcesBuildPhase;
			buildActionMask = 2147483647;
			files = (
				4FC442A228A7DB50006D720E /* ViewController.swift in Sources */,
				4FC4429E28A7DB50006D720E /* AppDelegate.swift in Sources */,
				4FC442A028A7DB50006D720E /* SceneDelegate.swift in Sources */,
			);
			runOnlyForDeploymentPostprocessing = 0;
		};
		4FC442B128A7DB65006D720E /* Sources */ = {
			isa = PBXSourcesBuildPhase;
			buildActionMask = 2147483647;
			files = (
				4FC442B828A7DB65006D720E /* Test_tutorial.swift in Sources */,
				4F38F43D28A8FD8A00A833DC /* Test.swift in Sources */,
			);
			runOnlyForDeploymentPostprocessing = 0;
		};
/* End PBXSourcesBuildPhase section */

/* Begin PBXTargetDependency section */
		4FC442BA28A7DB65006D720E /* PBXTargetDependency */ = {
			isa = PBXTargetDependency;
			target = 4FC4429928A7DB50006D720E /* HelloSQLiteTutorial */;
			targetProxy = 4FC442B928A7DB65006D720E /* PBXContainerItemProxy */;
		};
/* End PBXTargetDependency section */

/* Begin PBXVariantGroup section */
		4FC442A328A7DB50006D720E /* Main.storyboard */ = {
			isa = PBXVariantGroup;
			children = (
				4FC442A428A7DB50006D720E /* Base */,
			);
			name = Main.storyboard;
			sourceTree = "<group>";
		};
		4FC442A828A7DB52006D720E /* LaunchScreen.storyboard */ = {
			isa = PBXVariantGroup;
			children = (
				4FC442A928A7DB52006D720E /* Base */,
			);
			name = LaunchScreen.storyboard;
			sourceTree = "<group>";
		};
/* End PBXVariantGroup section */

/* Begin XCBuildConfiguration section */
		4FC442AC28A7DB52006D720E /* Debug */ = {
			isa = XCBuildConfiguration;
			buildSettings = {
				ALWAYS_SEARCH_USER_PATHS = NO;
				CLANG_ANALYZER_NONNULL = YES;
				CLANG_ANALYZER_NUMBER_OBJECT_CONVERSION = YES_AGGRESSIVE;
				CLANG_CXX_LANGUAGE_STANDARD = "gnu++17";
				CLANG_ENABLE_MODULES = YES;
				CLANG_ENABLE_OBJC_ARC = YES;
				CLANG_ENABLE_OBJC_WEAK = YES;
				CLANG_WARN_BLOCK_CAPTURE_AUTORELEASING = YES;
				CLANG_WARN_BOOL_CONVERSION = YES;
				CLANG_WARN_COMMA = YES;
				CLANG_WARN_CONSTANT_CONVERSION = YES;
				CLANG_WARN_DEPRECATED_OBJC_IMPLEMENTATIONS = YES;
				CLANG_WARN_DIRECT_OBJC_ISA_USAGE = YES_ERROR;
				CLANG_WARN_DOCUMENTATION_COMMENTS = YES;
				CLANG_WARN_EMPTY_BODY = YES;
				CLANG_WARN_ENUM_CONVERSION = YES;
				CLANG_WARN_INFINITE_RECURSION = YES;
				CLANG_WARN_INT_CONVERSION = YES;
				CLANG_WARN_NON_LITERAL_NULL_CONVERSION = YES;
				CLANG_WARN_OBJC_IMPLICIT_RETAIN_SELF = YES;
				CLANG_WARN_OBJC_LITERAL_CONVERSION = YES;
				CLANG_WARN_OBJC_ROOT_CLASS = YES_ERROR;
				CLANG_WARN_QUOTED_INCLUDE_IN_FRAMEWORK_HEADER = YES;
				CLANG_WARN_RANGE_LOOP_ANALYSIS = YES;
				CLANG_WARN_STRICT_PROTOTYPES = YES;
				CLANG_WARN_SUSPICIOUS_MOVE = YES;
				CLANG_WARN_UNGUARDED_AVAILABILITY = YES_AGGRESSIVE;
				CLANG_WARN_UNREACHABLE_CODE = YES;
				CLANG_WARN__DUPLICATE_METHOD_MATCH = YES;
				COPY_PHASE_STRIP = NO;
				DEBUG_INFORMATION_FORMAT = dwarf;
				ENABLE_STRICT_OBJC_MSGSEND = YES;
				ENABLE_TESTABILITY = YES;
				GCC_C_LANGUAGE_STANDARD = gnu11;
				GCC_DYNAMIC_NO_PIC = NO;
				GCC_NO_COMMON_BLOCKS = YES;
				GCC_OPTIMIZATION_LEVEL = 0;
				GCC_PREPROCESSOR_DEFINITIONS = (
					"DEBUG=1",
					"$(inherited)",
				);
				GCC_WARN_64_TO_32_BIT_CONVERSION = YES;
				GCC_WARN_ABOUT_RETURN_TYPE = YES_ERROR;
				GCC_WARN_UNDECLARED_SELECTOR = YES;
				GCC_WARN_UNINITIALIZED_AUTOS = YES_AGGRESSIVE;
				GCC_WARN_UNUSED_FUNCTION = YES;
				GCC_WARN_UNUSED_VARIABLE = YES;
				IPHONEOS_DEPLOYMENT_TARGET = 15.5;
				MTL_ENABLE_DEBUG_INFO = INCLUDE_SOURCE;
				MTL_FAST_MATH = YES;
				ONLY_ACTIVE_ARCH = YES;
				SDKROOT = iphoneos;
				SWIFT_ACTIVE_COMPILATION_CONDITIONS = DEBUG;
				SWIFT_OPTIMIZATION_LEVEL = "-Onone";
			};
			name = Debug;
		};
		4FC442AD28A7DB52006D720E /* Release */ = {
			isa = XCBuildConfiguration;
			buildSettings = {
				ALWAYS_SEARCH_USER_PATHS = NO;
				CLANG_ANALYZER_NONNULL = YES;
				CLANG_ANALYZER_NUMBER_OBJECT_CONVERSION = YES_AGGRESSIVE;
				CLANG_CXX_LANGUAGE_STANDARD = "gnu++17";
				CLANG_ENABLE_MODULES = YES;
				CLANG_ENABLE_OBJC_ARC = YES;
				CLANG_ENABLE_OBJC_WEAK = YES;
				CLANG_WARN_BLOCK_CAPTURE_AUTORELEASING = YES;
				CLANG_WARN_BOOL_CONVERSION = YES;
				CLANG_WARN_COMMA = YES;
				CLANG_WARN_CONSTANT_CONVERSION = YES;
				CLANG_WARN_DEPRECATED_OBJC_IMPLEMENTATIONS = YES;
				CLANG_WARN_DIRECT_OBJC_ISA_USAGE = YES_ERROR;
				CLANG_WARN_DOCUMENTATION_COMMENTS = YES;
				CLANG_WARN_EMPTY_BODY = YES;
				CLANG_WARN_ENUM_CONVERSION = YES;
				CLANG_WARN_INFINITE_RECURSION = YES;
				CLANG_WARN_INT_CONVERSION = YES;
				CLANG_WARN_NON_LITERAL_NULL_CONVERSION = YES;
				CLANG_WARN_OBJC_IMPLICIT_RETAIN_SELF = YES;
				CLANG_WARN_OBJC_LITERAL_CONVERSION = YES;
				CLANG_WARN_OBJC_ROOT_CLASS = YES_ERROR;
				CLANG_WARN_QUOTED_INCLUDE_IN_FRAMEWORK_HEADER = YES;
				CLANG_WARN_RANGE_LOOP_ANALYSIS = YES;
				CLANG_WARN_STRICT_PROTOTYPES = YES;
				CLANG_WARN_SUSPICIOUS_MOVE = YES;
				CLANG_WARN_UNGUARDED_AVAILABILITY = YES_AGGRESSIVE;
				CLANG_WARN_UNREACHABLE_CODE = YES;
				CLANG_WARN__DUPLICATE_METHOD_MATCH = YES;
				COPY_PHASE_STRIP = NO;
				DEBUG_INFORMATION_FORMAT = "dwarf-with-dsym";
				ENABLE_NS_ASSERTIONS = NO;
				ENABLE_STRICT_OBJC_MSGSEND = YES;
				GCC_C_LANGUAGE_STANDARD = gnu11;
				GCC_NO_COMMON_BLOCKS = YES;
				GCC_WARN_64_TO_32_BIT_CONVERSION = YES;
				GCC_WARN_ABOUT_RETURN_TYPE = YES_ERROR;
				GCC_WARN_UNDECLARED_SELECTOR = YES;
				GCC_WARN_UNINITIALIZED_AUTOS = YES_AGGRESSIVE;
				GCC_WARN_UNUSED_FUNCTION = YES;
				GCC_WARN_UNUSED_VARIABLE = YES;
				IPHONEOS_DEPLOYMENT_TARGET = 15.5;
				MTL_ENABLE_DEBUG_INFO = NO;
				MTL_FAST_MATH = YES;
				SDKROOT = iphoneos;
				SWIFT_COMPILATION_MODE = wholemodule;
				SWIFT_OPTIMIZATION_LEVEL = "-O";
				VALIDATE_PRODUCT = YES;
			};
			name = Release;
		};
		4FC442AF28A7DB52006D720E /* Debug */ = {
			isa = XCBuildConfiguration;
			buildSettings = {
				ASSETCATALOG_COMPILER_APPICON_NAME = AppIcon;
				ASSETCATALOG_COMPILER_GLOBAL_ACCENT_COLOR_NAME = AccentColor;
				CODE_SIGN_STYLE = Automatic;
				CURRENT_PROJECT_VERSION = 1;
				GENERATE_INFOPLIST_FILE = YES;
				INFOPLIST_FILE = HelloSQLiteTutorial/Info.plist;
				INFOPLIST_KEY_UIApplicationSupportsIndirectInputEvents = YES;
				INFOPLIST_KEY_UILaunchStoryboardName = LaunchScreen;
				INFOPLIST_KEY_UIMainStoryboardFile = Main;
				INFOPLIST_KEY_UISupportedInterfaceOrientations_iPad = "UIInterfaceOrientationPortrait UIInterfaceOrientationPortraitUpsideDown UIInterfaceOrientationLandscapeLeft UIInterfaceOrientationLandscapeRight";
				INFOPLIST_KEY_UISupportedInterfaceOrientations_iPhone = "UIInterfaceOrientationPortrait UIInterfaceOrientationLandscapeLeft UIInterfaceOrientationLandscapeRight";
				LD_RUNPATH_SEARCH_PATHS = (
					"$(inherited)",
					"@executable_path/Frameworks",
				);
				MARKETING_VERSION = 1.0;
				PRODUCT_BUNDLE_IDENTIFIER = com.wc.HelloSQLiteTutorial;
				PRODUCT_NAME = "$(TARGET_NAME)";
				SWIFT_EMIT_LOC_STRINGS = YES;
				SWIFT_VERSION = 5.0;
				TARGETED_DEVICE_FAMILY = "1,2";
			};
			name = Debug;
		};
		4FC442B028A7DB52006D720E /* Release */ = {
			isa = XCBuildConfiguration;
			buildSettings = {
				ASSETCATALOG_COMPILER_APPICON_NAME = AppIcon;
				ASSETCATALOG_COMPILER_GLOBAL_ACCENT_COLOR_NAME = AccentColor;
				CODE_SIGN_STYLE = Automatic;
				CURRENT_PROJECT_VERSION = 1;
				GENERATE_INFOPLIST_FILE = YES;
				INFOPLIST_FILE = HelloSQLiteTutorial/Info.plist;
				INFOPLIST_KEY_UIApplicationSupportsIndirectInputEvents = YES;
				INFOPLIST_KEY_UILaunchStoryboardName = LaunchScreen;
				INFOPLIST_KEY_UIMainStoryboardFile = Main;
				INFOPLIST_KEY_UISupportedInterfaceOrientations_iPad = "UIInterfaceOrientationPortrait UIInterfaceOrientationPortraitUpsideDown UIInterfaceOrientationLandscapeLeft UIInterfaceOrientationLandscapeRight";
				INFOPLIST_KEY_UISupportedInterfaceOrientations_iPhone = "UIInterfaceOrientationPortrait UIInterfaceOrientationLandscapeLeft UIInterfaceOrientationLandscapeRight";
				LD_RUNPATH_SEARCH_PATHS = (
					"$(inherited)",
					"@executable_path/Frameworks",
				);
				MARKETING_VERSION = 1.0;
				PRODUCT_BUNDLE_IDENTIFIER = com.wc.HelloSQLiteTutorial;
				PRODUCT_NAME = "$(TARGET_NAME)";
				SWIFT_EMIT_LOC_STRINGS = YES;
				SWIFT_VERSION = 5.0;
				TARGETED_DEVICE_FAMILY = "1,2";
			};
			name = Release;
		};
		4FC442BC28A7DB65006D720E /* Debug */ = {
			isa = XCBuildConfiguration;
			buildSettings = {
				BUNDLE_LOADER = "$(TEST_HOST)";
				CODE_SIGN_STYLE = Automatic;
				CURRENT_PROJECT_VERSION = 1;
				GENERATE_INFOPLIST_FILE = YES;
				MARKETING_VERSION = 1.0;
				PRODUCT_BUNDLE_IDENTIFIER = com.wc.Test;
				PRODUCT_NAME = "$(TARGET_NAME)";
				SWIFT_EMIT_LOC_STRINGS = NO;
				SWIFT_VERSION = 5.0;
				TARGETED_DEVICE_FAMILY = "1,2";
				TEST_HOST = "$(BUILT_PRODUCTS_DIR)/HelloSQLiteTutorial.app/HelloSQLiteTutorial";
			};
			name = Debug;
		};
		4FC442BD28A7DB65006D720E /* Release */ = {
			isa = XCBuildConfiguration;
			buildSettings = {
				BUNDLE_LOADER = "$(TEST_HOST)";
				CODE_SIGN_STYLE = Automatic;
				CURRENT_PROJECT_VERSION = 1;
				GENERATE_INFOPLIST_FILE = YES;
				MARKETING_VERSION = 1.0;
				PRODUCT_BUNDLE_IDENTIFIER = com.wc.Test;
				PRODUCT_NAME = "$(TARGET_NAME)";
				SWIFT_EMIT_LOC_STRINGS = NO;
				SWIFT_VERSION = 5.0;
				TARGETED_DEVICE_FAMILY = "1,2";
				TEST_HOST = "$(BUILT_PRODUCTS_DIR)/HelloSQLiteTutorial.app/HelloSQLiteTutorial";
			};
			name = Release;
		};
/* End XCBuildConfiguration section */

/* Begin XCConfigurationList section */
		4FC4429528A7DB4F006D720E /* Build configuration list for PBXProject "HelloSQLiteTutorial" */ = {
			isa = XCConfigurationList;
			buildConfigurations = (
				4FC442AC28A7DB52006D720E /* Debug */,
				4FC442AD28A7DB52006D720E /* Release */,
			);
			defaultConfigurationIsVisible = 0;
			defaultConfigurationName = Release;
		};
		4FC442AE28A7DB52006D720E /* Build configuration list for PBXNativeTarget "HelloSQLiteTutorial" */ = {
			isa = XCConfigurationList;
			buildConfigurations = (
				4FC442AF28A7DB52006D720E /* Debug */,
				4FC442B028A7DB52006D720E /* Release */,
			);
			defaultConfigurationIsVisible = 0;
			defaultConfigurationName = Release;
		};
		4FC442BB28A7DB65006D720E /* Build configuration list for PBXNativeTarget "Test" */ = {
			isa = XCConfigurationList;
			buildConfigurations = (
				4FC442BC28A7DB65006D720E /* Debug */,
				4FC442BD28A7DB65006D720E /* Release */,
			);
			defaultConfigurationIsVisible = 0;
			defaultConfigurationName = Release;
		};
/* End XCConfigurationList section */
	};
	rootObject = 4FC4429228A7DB4F006D720E /* Project object */;
}
