// !$*UTF8*$!
{
	archiveVersion = 1;
	classes = {
	};
	objectVersion = 56;
	objects = {

/* Begin PBXBuildFile section */
		4F6A563F2B4E445100EF5C8F /* UseGroup.swift in Sources */ = {isa = PBXBuildFile; fileRef = 4F6A563E2B4E445100EF5C8F /* UseGroup.swift */; };
		4F6A56412B4E495300EF5C8F /* DemoPage.swift in Sources */ = {isa = PBXBuildFile; fileRef = 4F6A56402B4E495300EF5C8F /* DemoPage.swift */; };
		4F9F5BE42B4BC3FC00B18FBC /* HelloViewApp.swift in Sources */ = {isa = PBXBuildFile; fileRef = 4F9F5BE32B4BC3FC00B18FBC /* HelloViewApp.swift */; };
		4F9F5BE62B4BC3FC00B18FBC /* ContentView.swift in Sources */ = {isa = PBXBuildFile; fileRef = 4F9F5BE52B4BC3FC00B18FBC /* ContentView.swift */; };
		4F9F5BE82B4BC40000B18FBC /* Assets.xcassets in Resources */ = {isa = PBXBuildFile; fileRef = 4F9F5BE72B4BC40000B18FBC /* Assets.xcassets */; };
		4F9F5BEB2B4BC40000B18FBC /* Preview Assets.xcassets in Resources */ = {isa = PBXBuildFile; fileRef = 4F9F5BEA2B4BC40000B18FBC /* Preview Assets.xcassets */; };
		4F9F5BF52B4BC49200B18FBC /* UseOffset.swift in Sources */ = {isa = PBXBuildFile; fileRef = 4F9F5BF42B4BC49200B18FBC /* UseOffset.swift */; };
		4F9FF5AC2B4E760F00C8918D /* LayoutsPage.swift in Sources */ = {isa = PBXBuildFile; fileRef = 4F9FF5AB2B4E760F00C8918D /* LayoutsPage.swift */; };
		4F9FF5AE2B4E761F00C8918D /* ControlsPage.swift in Sources */ = {isa = PBXBuildFile; fileRef = 4F9FF5AD2B4E761F00C8918D /* ControlsPage.swift */; };
/* End PBXBuildFile section */

/* Begin PBXFileReference section */
		4F6A563E2B4E445100EF5C8F /* UseGroup.swift */ = {isa = PBXFileReference; lastKnownFileType = sourcecode.swift; path = UseGroup.swift; sourceTree = "<group>"; };
		4F6A56402B4E495300EF5C8F /* DemoPage.swift */ = {isa = PBXFileReference; fileEncoding = 4; lastKnownFileType = sourcecode.swift; path = DemoPage.swift; sourceTree = "<group>"; };
		4F9F5BE02B4BC3FC00B18FBC /* HelloView.app */ = {isa = PBXFileReference; explicitFileType = wrapper.application; includeInIndex = 0; path = HelloView.app; sourceTree = BUILT_PRODUCTS_DIR; };
		4F9F5BE32B4BC3FC00B18FBC /* HelloViewApp.swift */ = {isa = PBXFileReference; lastKnownFileType = sourcecode.swift; path = HelloViewApp.swift; sourceTree = "<group>"; };
		4F9F5BE52B4BC3FC00B18FBC /* ContentView.swift */ = {isa = PBXFileReference; lastKnownFileType = sourcecode.swift; path = ContentView.swift; sourceTree = "<group>"; };
		4F9F5BE72B4BC40000B18FBC /* Assets.xcassets */ = {isa = PBXFileReference; lastKnownFileType = folder.assetcatalog; path = Assets.xcassets; sourceTree = "<group>"; };
		4F9F5BEA2B4BC40000B18FBC /* Preview Assets.xcassets */ = {isa = PBXFileReference; lastKnownFileType = folder.assetcatalog; path = "Preview Assets.xcassets"; sourceTree = "<group>"; };
		4F9F5BF42B4BC49200B18FBC /* UseOffset.swift */ = {isa = PBXFileReference; lastKnownFileType = sourcecode.swift; path = UseOffset.swift; sourceTree = "<group>"; };
		4F9FF5AB2B4E760F00C8918D /* LayoutsPage.swift */ = {isa = PBXFileReference; lastKnownFileType = sourcecode.swift; path = LayoutsPage.swift; sourceTree = "<group>"; };
		4F9FF5AD2B4E761F00C8918D /* ControlsPage.swift */ = {isa = PBXFileReference; lastKnownFileType = sourcecode.swift; path = ControlsPage.swift; sourceTree = "<group>"; };
/* End PBXFileReference section */

/* Begin PBXFrameworksBuildPhase section */
		4F9F5BDD2B4BC3FC00B18FBC /* Frameworks */ = {
			isa = PBXFrameworksBuildPhase;
			buildActionMask = 2147483647;
			files = (
			);
			runOnlyForDeploymentPostprocessing = 0;
		};
/* End PBXFrameworksBuildPhase section */

/* Begin PBXGroup section */
		4F9F5BD72B4BC3FC00B18FBC = {
			isa = PBXGroup;
			children = (
				4F9F5BE22B4BC3FC00B18FBC /* HelloView */,
				4F9F5BE12B4BC3FC00B18FBC /* Products */,
			);
			sourceTree = "<group>";
		};
		4F9F5BE12B4BC3FC00B18FBC /* Products */ = {
			isa = PBXGroup;
			children = (
				4F9F5BE02B4BC3FC00B18FBC /* HelloView.app */,
			);
			name = Products;
			sourceTree = "<group>";
		};
		4F9F5BE22B4BC3FC00B18FBC /* HelloView */ = {
			isa = PBXGroup;
			children = (
				4F9F5BF22B4BC46C00B18FBC /* Controls */,
				4F9F5BF12B4BC41900B18FBC /* Layouts */,
				4F9F5BF32B4BC47400B18FBC /* Styles */,
				4F9F5BE32B4BC3FC00B18FBC /* HelloViewApp.swift */,
				4F9F5BE52B4BC3FC00B18FBC /* ContentView.swift */,
				4F6A56402B4E495300EF5C8F /* DemoPage.swift */,
				4F9F5BE72B4BC40000B18FBC /* Assets.xcassets */,
				4F9F5BE92B4BC40000B18FBC /* Preview Content */,
			);
			path = HelloView;
			sourceTree = "<group>";
		};
		4F9F5BE92B4BC40000B18FBC /* Preview Content */ = {
			isa = PBXGroup;
			children = (
				4F9F5BEA2B4BC40000B18FBC /* Preview Assets.xcassets */,
			);
			path = "Preview Content";
			sourceTree = "<group>";
		};
		4F9F5BF12B4BC41900B18FBC /* Layouts */ = {
			isa = PBXGroup;
			children = (
				4F9F5BF42B4BC49200B18FBC /* UseOffset.swift */,
				4F6A563E2B4E445100EF5C8F /* UseGroup.swift */,
				4F9FF5AB2B4E760F00C8918D /* LayoutsPage.swift */,
			);
			path = Layouts;
			sourceTree = "<group>";
		};
		4F9F5BF22B4BC46C00B18FBC /* Controls */ = {
			isa = PBXGroup;
			children = (
				4F9FF5AD2B4E761F00C8918D /* ControlsPage.swift */,
			);
			path = Controls;
			sourceTree = "<group>";
		};
		4F9F5BF32B4BC47400B18FBC /* Styles */ = {
			isa = PBXGroup;
			children = (
			);
			path = Styles;
			sourceTree = "<group>";
		};
/* End PBXGroup section */

/* Begin PBXNativeTarget section */
		4F9F5BDF2B4BC3FC00B18FBC /* HelloView */ = {
			isa = PBXNativeTarget;
			buildConfigurationList = 4F9F5BEE2B4BC40000B18FBC /* Build configuration list for PBXNativeTarget "HelloView" */;
			buildPhases = (
				4F9F5BDC2B4BC3FC00B18FBC /* Sources */,
				4F9F5BDD2B4BC3FC00B18FBC /* Frameworks */,
				4F9F5BDE2B4BC3FC00B18FBC /* Resources */,
			);
			buildRules = (
			);
			dependencies = (
			);
			name = HelloView;
			productName = HelloView;
			productReference = 4F9F5BE02B4BC3FC00B18FBC /* HelloView.app */;
			productType = "com.apple.product-type.application";
		};
/* End PBXNativeTarget section */

/* Begin PBXProject section */
		4F9F5BD82B4BC3FC00B18FBC /* Project object */ = {
			isa = PBXProject;
			attributes = {
				BuildIndependentTargetsInParallel = 1;
				LastSwiftUpdateCheck = 1430;
				LastUpgradeCheck = 1430;
				TargetAttributes = {
					4F9F5BDF2B4BC3FC00B18FBC = {
						CreatedOnToolsVersion = 14.3.1;
					};
				};
			};
			buildConfigurationList = 4F9F5BDB2B4BC3FC00B18FBC /* Build configuration list for PBXProject "HelloView" */;
			compatibilityVersion = "Xcode 14.0";
			developmentRegion = en;
			hasScannedForEncodings = 0;
			knownRegions = (
				en,
				Base,
			);
			mainGroup = 4F9F5BD72B4BC3FC00B18FBC;
			productRefGroup = 4F9F5BE12B4BC3FC00B18FBC /* Products */;
			projectDirPath = "";
			projectRoot = "";
			targets = (
				4F9F5BDF2B4BC3FC00B18FBC /* HelloView */,
			);
		};
/* End PBXProject section */

/* Begin PBXResourcesBuildPhase section */
		4F9F5BDE2B4BC3FC00B18FBC /* Resources */ = {
			isa = PBXResourcesBuildPhase;
			buildActionMask = 2147483647;
			files = (
				4F9F5BEB2B4BC40000B18FBC /* Preview Assets.xcassets in Resources */,
				4F9F5BE82B4BC40000B18FBC /* Assets.xcassets in Resources */,
			);
			runOnlyForDeploymentPostprocessing = 0;
		};
/* End PBXResourcesBuildPhase section */

/* Begin PBXSourcesBuildPhase section */
		4F9F5BDC2B4BC3FC00B18FBC /* Sources */ = {
			isa = PBXSourcesBuildPhase;
			buildActionMask = 2147483647;
			files = (
				4F9FF5AE2B4E761F00C8918D /* ControlsPage.swift in Sources */,
				4F6A56412B4E495300EF5C8F /* DemoPage.swift in Sources */,
				4F9F5BF52B4BC49200B18FBC /* UseOffset.swift in Sources */,
				4F9FF5AC2B4E760F00C8918D /* LayoutsPage.swift in Sources */,
				4F9F5BE62B4BC3FC00B18FBC /* ContentView.swift in Sources */,
				4F9F5BE42B4BC3FC00B18FBC /* HelloViewApp.swift in Sources */,
				4F6A563F2B4E445100EF5C8F /* UseGroup.swift in Sources */,
			);
			runOnlyForDeploymentPostprocessing = 0;
		};
/* End PBXSourcesBuildPhase section */

/* Begin XCBuildConfiguration section */
		4F9F5BEC2B4BC40000B18FBC /* Debug */ = {
			isa = XCBuildConfiguration;
			buildSettings = {
				ALWAYS_SEARCH_USER_PATHS = NO;
				CLANG_ANALYZER_NONNULL = YES;
				CLANG_ANALYZER_NUMBER_OBJECT_CONVERSION = YES_AGGRESSIVE;
				CLANG_CXX_LANGUAGE_STANDARD = "gnu++20";
				CLANG_ENABLE_MODULES = YES;
				CLANG_ENABLE_OBJC_ARC = YES;
				CLANG_ENABLE_OBJC_WEAK = YES;
				CLANG_WARN_BLOCK_CAPTURE_AUTORELEASING = YES;
				CLANG_WARN_BOOL_CONVERSION = YES;
				CLANG_WARN_COMMA = YES;
				CLANG_WARN_CONSTANT_CONVERSION = YES;
				CLANG_WARN_DEPRECATED_OBJC_IMPLEMENTATIONS = YES;
				CLANG_WARN_DIRECT_OBJC_ISA_USAGE = YES_ERROR;
				CLANG_WARN_DOCUMENTATION_COMMENTS = YES;
				CLANG_WARN_EMPTY_BODY = YES;
				CLANG_WARN_ENUM_CONVERSION = YES;
				CLANG_WARN_INFINITE_RECURSION = YES;
				CLANG_WARN_INT_CONVERSION = YES;
				CLANG_WARN_NON_LITERAL_NULL_CONVERSION = YES;
				CLANG_WARN_OBJC_IMPLICIT_RETAIN_SELF = YES;
				CLANG_WARN_OBJC_LITERAL_CONVERSION = YES;
				CLANG_WARN_OBJC_ROOT_CLASS = YES_ERROR;
				CLANG_WARN_QUOTED_INCLUDE_IN_FRAMEWORK_HEADER = YES;
				CLANG_WARN_RANGE_LOOP_ANALYSIS = YES;
				CLANG_WARN_STRICT_PROTOTYPES = YES;
				CLANG_WARN_SUSPICIOUS_MOVE = YES;
				CLANG_WARN_UNGUARDED_AVAILABILITY = YES_AGGRESSIVE;
				CLANG_WARN_UNREACHABLE_CODE = YES;
				CLANG_WARN__DUPLICATE_METHOD_MATCH = YES;
				COPY_PHASE_STRIP = NO;
				DEBUG_INFORMATION_FORMAT = dwarf;
				ENABLE_STRICT_OBJC_MSGSEND = YES;
				ENABLE_TESTABILITY = YES;
				GCC_C_LANGUAGE_STANDARD = gnu11;
				GCC_DYNAMIC_NO_PIC = NO;
				GCC_NO_COMMON_BLOCKS = YES;
				GCC_OPTIMIZATION_LEVEL = 0;
				GCC_PREPROCESSOR_DEFINITIONS = (
					"DEBUG=1",
					"$(inherited)",
				);
				GCC_WARN_64_TO_32_BIT_CONVERSION = YES;
				GCC_WARN_ABOUT_RETURN_TYPE = YES_ERROR;
				GCC_WARN_UNDECLARED_SELECTOR = YES;
				GCC_WARN_UNINITIALIZED_AUTOS = YES_AGGRESSIVE;
				GCC_WARN_UNUSED_FUNCTION = YES;
				GCC_WARN_UNUSED_VARIABLE = YES;
				IPHONEOS_DEPLOYMENT_TARGET = 16.4;
				MTL_ENABLE_DEBUG_INFO = INCLUDE_SOURCE;
				MTL_FAST_MATH = YES;
				ONLY_ACTIVE_ARCH = YES;
				SDKROOT = iphoneos;
				SWIFT_ACTIVE_COMPILATION_CONDITIONS = DEBUG;
				SWIFT_OPTIMIZATION_LEVEL = "-Onone";
			};
			name = Debug;
		};
		4F9F5BED2B4BC40000B18FBC /* Release */ = {
			isa = XCBuildConfiguration;
			buildSettings = {
				ALWAYS_SEARCH_USER_PATHS = NO;
				CLANG_ANALYZER_NONNULL = YES;
				CLANG_ANALYZER_NUMBER_OBJECT_CONVERSION = YES_AGGRESSIVE;
				CLANG_CXX_LANGUAGE_STANDARD = "gnu++20";
				CLANG_ENABLE_MODULES = YES;
				CLANG_ENABLE_OBJC_ARC = YES;
				CLANG_ENABLE_OBJC_WEAK = YES;
				CLANG_WARN_BLOCK_CAPTURE_AUTORELEASING = YES;
				CLANG_WARN_BOOL_CONVERSION = YES;
				CLANG_WARN_COMMA = YES;
				CLANG_WARN_CONSTANT_CONVERSION = YES;
				CLANG_WARN_DEPRECATED_OBJC_IMPLEMENTATIONS = YES;
				CLANG_WARN_DIRECT_OBJC_ISA_USAGE = YES_ERROR;
				CLANG_WARN_DOCUMENTATION_COMMENTS = YES;
				CLANG_WARN_EMPTY_BODY = YES;
				CLANG_WARN_ENUM_CONVERSION = YES;
				CLANG_WARN_INFINITE_RECURSION = YES;
				CLANG_WARN_INT_CONVERSION = YES;
				CLANG_WARN_NON_LITERAL_NULL_CONVERSION = YES;
				CLANG_WARN_OBJC_IMPLICIT_RETAIN_SELF = YES;
				CLANG_WARN_OBJC_LITERAL_CONVERSION = YES;
				CLANG_WARN_OBJC_ROOT_CLASS = YES_ERROR;
				CLANG_WARN_QUOTED_INCLUDE_IN_FRAMEWORK_HEADER = YES;
				CLANG_WARN_RANGE_LOOP_ANALYSIS = YES;
				CLANG_WARN_STRICT_PROTOTYPES = YES;
				CLANG_WARN_SUSPICIOUS_MOVE = YES;
				CLANG_WARN_UNGUARDED_AVAILABILITY = YES_AGGRESSIVE;
				CLANG_WARN_UNREACHABLE_CODE = YES;
				CLANG_WARN__DUPLICATE_METHOD_MATCH = YES;
				COPY_PHASE_STRIP = NO;
				DEBUG_INFORMATION_FORMAT = "dwarf-with-dsym";
				ENABLE_NS_ASSERTIONS = NO;
				ENABLE_STRICT_OBJC_MSGSEND = YES;
				GCC_C_LANGUAGE_STANDARD = gnu11;
				GCC_NO_COMMON_BLOCKS = YES;
				GCC_WARN_64_TO_32_BIT_CONVERSION = YES;
				GCC_WARN_ABOUT_RETURN_TYPE = YES_ERROR;
				GCC_WARN_UNDECLARED_SELECTOR = YES;
				GCC_WARN_UNINITIALIZED_AUTOS = YES_AGGRESSIVE;
				GCC_WARN_UNUSED_FUNCTION = YES;
				GCC_WARN_UNUSED_VARIABLE = YES;
				IPHONEOS_DEPLOYMENT_TARGET = 16.4;
				MTL_ENABLE_DEBUG_INFO = NO;
				MTL_FAST_MATH = YES;
				SDKROOT = iphoneos;
				SWIFT_COMPILATION_MODE = wholemodule;
				SWIFT_OPTIMIZATION_LEVEL = "-O";
				VALIDATE_PRODUCT = YES;
			};
			name = Release;
		};
		4F9F5BEF2B4BC40000B18FBC /* Debug */ = {
			isa = XCBuildConfiguration;
			buildSettings = {
				ASSETCATALOG_COMPILER_APPICON_NAME = AppIcon;
				ASSETCATALOG_COMPILER_GLOBAL_ACCENT_COLOR_NAME = AccentColor;
				CODE_SIGN_STYLE = Automatic;
				CURRENT_PROJECT_VERSION = 1;
				DEVELOPMENT_ASSET_PATHS = "\"HelloView/Preview Content\"";
				ENABLE_PREVIEWS = YES;
				GENERATE_INFOPLIST_FILE = YES;
				INFOPLIST_KEY_UIApplicationSceneManifest_Generation = YES;
				INFOPLIST_KEY_UIApplicationSupportsIndirectInputEvents = YES;
				INFOPLIST_KEY_UILaunchScreen_Generation = YES;
				INFOPLIST_KEY_UISupportedInterfaceOrientations_iPad = "UIInterfaceOrientationPortrait UIInterfaceOrientationPortraitUpsideDown UIInterfaceOrientationLandscapeLeft UIInterfaceOrientationLandscapeRight";
				INFOPLIST_KEY_UISupportedInterfaceOrientations_iPhone = "UIInterfaceOrientationPortrait UIInterfaceOrientationLandscapeLeft UIInterfaceOrientationLandscapeRight";
				LD_RUNPATH_SEARCH_PATHS = (
					"$(inherited)",
					"@executable_path/Frameworks",
				);
				MARKETING_VERSION = 1.0;
				PRODUCT_BUNDLE_IDENTIFIER = com.wc.HelloView;
				PRODUCT_NAME = "$(TARGET_NAME)";
				SWIFT_EMIT_LOC_STRINGS = YES;
				SWIFT_VERSION = 5.0;
				TARGETED_DEVICE_FAMILY = "1,2";
			};
			name = Debug;
		};
		4F9F5BF02B4BC40000B18FBC /* Release */ = {
			isa = XCBuildConfiguration;
			buildSettings = {
				ASSETCATALOG_COMPILER_APPICON_NAME = AppIcon;
				ASSETCATALOG_COMPILER_GLOBAL_ACCENT_COLOR_NAME = AccentColor;
				CODE_SIGN_STYLE = Automatic;
				CURRENT_PROJECT_VERSION = 1;
				DEVELOPMENT_ASSET_PATHS = "\"HelloView/Preview Content\"";
				ENABLE_PREVIEWS = YES;
				GENERATE_INFOPLIST_FILE = YES;
				INFOPLIST_KEY_UIApplicationSceneManifest_Generation = YES;
				INFOPLIST_KEY_UIApplicationSupportsIndirectInputEvents = YES;
				INFOPLIST_KEY_UILaunchScreen_Generation = YES;
				INFOPLIST_KEY_UISupportedInterfaceOrientations_iPad = "UIInterfaceOrientationPortrait UIInterfaceOrientationPortraitUpsideDown UIInterfaceOrientationLandscapeLeft UIInterfaceOrientationLandscapeRight";
				INFOPLIST_KEY_UISupportedInterfaceOrientations_iPhone = "UIInterfaceOrientationPortrait UIInterfaceOrientationLandscapeLeft UIInterfaceOrientationLandscapeRight";
				LD_RUNPATH_SEARCH_PATHS = (
					"$(inherited)",
					"@executable_path/Frameworks",
				);
				MARKETING_VERSION = 1.0;
				PRODUCT_BUNDLE_IDENTIFIER = com.wc.HelloView;
				PRODUCT_NAME = "$(TARGET_NAME)";
				SWIFT_EMIT_LOC_STRINGS = YES;
				SWIFT_VERSION = 5.0;
				TARGETED_DEVICE_FAMILY = "1,2";
			};
			name = Release;
		};
/* End XCBuildConfiguration section */

/* Begin XCConfigurationList section */
		4F9F5BDB2B4BC3FC00B18FBC /* Build configuration list for PBXProject "HelloView" */ = {
			isa = XCConfigurationList;
			buildConfigurations = (
				4F9F5BEC2B4BC40000B18FBC /* Debug */,
				4F9F5BED2B4BC40000B18FBC /* Release */,
			);
			defaultConfigurationIsVisible = 0;
			defaultConfigurationName = Release;
		};
		4F9F5BEE2B4BC40000B18FBC /* Build configuration list for PBXNativeTarget "HelloView" */ = {
			isa = XCConfigurationList;
			buildConfigurations = (
				4F9F5BEF2B4BC40000B18FBC /* Debug */,
				4F9F5BF02B4BC40000B18FBC /* Release */,
			);
			defaultConfigurationIsVisible = 0;
			defaultConfigurationName = Release;
		};
/* End XCConfigurationList section */
	};
	rootObject = 4F9F5BD82B4BC3FC00B18FBC /* Project object */;
}
