// !$*UTF8*$!
{
	archiveVersion = 1;
	classes = {
	};
	objectVersion = 56;
	objects = {

/* Begin PBXBuildFile section */
		4F7E9D782B4AC70900147FAB /* DemoPage.swift in Sources */ = {isa = PBXBuildFile; fileRef = 4F7E9D772B4AC70900147FAB /* DemoPage.swift */; };
		4FAA41792B120F7C00D6E6AE /* AppTestTemplateApp.swift in Sources */ = {isa = PBXBuildFile; fileRef = 4FAA41782B120F7C00D6E6AE /* AppTestTemplateApp.swift */; };
		4FAA417B2B120F7C00D6E6AE /* ContentView.swift in Sources */ = {isa = PBXBuildFile; fileRef = 4FAA417A2B120F7C00D6E6AE /* ContentView.swift */; };
		4FAA417D2B120F7E00D6E6AE /* Assets.xcassets in Resources */ = {isa = PBXBuildFile; fileRef = 4FAA417C2B120F7E00D6E6AE /* Assets.xcassets */; };
		4FAA41802B120F7E00D6E6AE /* Preview Assets.xcassets in Resources */ = {isa = PBXBuildFile; fileRef = 4FAA417F2B120F7E00D6E6AE /* Preview Assets.xcassets */; };
		4FBB3CA72B4AA3E30053C661 /* DemoPage1.swift in Sources */ = {isa = PBXBuildFile; fileRef = 4FBB3CA62B4AA3E20053C661 /* DemoPage1.swift */; };
		4FBB3CA92B4AA7C00053C661 /* DemoPage2.swift in Sources */ = {isa = PBXBuildFile; fileRef = 4FBB3CA82B4AA7C00053C661 /* DemoPage2.swift */; };
		4FBB3CAD2B4AB1B40053C661 /* DemoPage3.swift in Sources */ = {isa = PBXBuildFile; fileRef = 4FBB3CAC2B4AB1B40053C661 /* DemoPage3.swift */; };
/* End PBXBuildFile section */

/* Begin PBXFileReference section */
		4F7E9D772B4AC70900147FAB /* DemoPage.swift */ = {isa = PBXFileReference; lastKnownFileType = sourcecode.swift; path = DemoPage.swift; sourceTree = "<group>"; };
		4FAA41752B120F7C00D6E6AE /* AppTestTemplate.app */ = {isa = PBXFileReference; explicitFileType = wrapper.application; includeInIndex = 0; path = AppTestTemplate.app; sourceTree = BUILT_PRODUCTS_DIR; };
		4FAA41782B120F7C00D6E6AE /* AppTestTemplateApp.swift */ = {isa = PBXFileReference; lastKnownFileType = sourcecode.swift; path = AppTestTemplateApp.swift; sourceTree = "<group>"; };
		4FAA417A2B120F7C00D6E6AE /* ContentView.swift */ = {isa = PBXFileReference; lastKnownFileType = sourcecode.swift; path = ContentView.swift; sourceTree = "<group>"; };
		4FAA417C2B120F7E00D6E6AE /* Assets.xcassets */ = {isa = PBXFileReference; lastKnownFileType = folder.assetcatalog; path = Assets.xcassets; sourceTree = "<group>"; };
		4FAA417F2B120F7E00D6E6AE /* Preview Assets.xcassets */ = {isa = PBXFileReference; lastKnownFileType = folder.assetcatalog; path = "Preview Assets.xcassets"; sourceTree = "<group>"; };
		4FBB3CA62B4AA3E20053C661 /* DemoPage1.swift */ = {isa = PBXFileReference; lastKnownFileType = sourcecode.swift; path = DemoPage1.swift; sourceTree = "<group>"; };
		4FBB3CA82B4AA7C00053C661 /* DemoPage2.swift */ = {isa = PBXFileReference; lastKnownFileType = sourcecode.swift; path = DemoPage2.swift; sourceTree = "<group>"; };
		4FBB3CAC2B4AB1B40053C661 /* DemoPage3.swift */ = {isa = PBXFileReference; lastKnownFileType = sourcecode.swift; path = DemoPage3.swift; sourceTree = "<group>"; };
/* End PBXFileReference section */

/* Begin PBXFrameworksBuildPhase section */
		4FAA41722B120F7C00D6E6AE /* Frameworks */ = {
			isa = PBXFrameworksBuildPhase;
			buildActionMask = 2147483647;
			files = (
			);
			runOnlyForDeploymentPostprocessing = 0;
		};
/* End PBXFrameworksBuildPhase section */

/* Begin PBXGroup section */
		4FAA416C2B120F7C00D6E6AE = {
			isa = PBXGroup;
			children = (
				4FAA41772B120F7C00D6E6AE /* AppTestTemplate */,
				4FAA41762B120F7C00D6E6AE /* Products */,
			);
			sourceTree = "<group>";
		};
		4FAA41762B120F7C00D6E6AE /* Products */ = {
			isa = PBXGroup;
			children = (
				4FAA41752B120F7C00D6E6AE /* AppTestTemplate.app */,
			);
			name = Products;
			sourceTree = "<group>";
		};
		4FAA41772B120F7C00D6E6AE /* AppTestTemplate */ = {
			isa = PBXGroup;
			children = (
				4FBB3CA52B4AA3710053C661 /* AppTestDemos */,
				4FAA41782B120F7C00D6E6AE /* AppTestTemplateApp.swift */,
				4FAA417A2B120F7C00D6E6AE /* ContentView.swift */,
				4F7E9D772B4AC70900147FAB /* DemoPage.swift */,
				4FAA417C2B120F7E00D6E6AE /* Assets.xcassets */,
				4FAA417E2B120F7E00D6E6AE /* Preview Content */,
			);
			path = AppTestTemplate;
			sourceTree = "<group>";
		};
		4FAA417E2B120F7E00D6E6AE /* Preview Content */ = {
			isa = PBXGroup;
			children = (
				4FAA417F2B120F7E00D6E6AE /* Preview Assets.xcassets */,
			);
			path = "Preview Content";
			sourceTree = "<group>";
		};
		4FBB3CA52B4AA3710053C661 /* AppTestDemos */ = {
			isa = PBXGroup;
			children = (
				4FBB3CA62B4AA3E20053C661 /* DemoPage1.swift */,
				4FBB3CA82B4AA7C00053C661 /* DemoPage2.swift */,
				4FBB3CAC2B4AB1B40053C661 /* DemoPage3.swift */,
			);
			path = AppTestDemos;
			sourceTree = "<group>";
		};
/* End PBXGroup section */

/* Begin PBXNativeTarget section */
		4FAA41742B120F7C00D6E6AE /* AppTestTemplate */ = {
			isa = PBXNativeTarget;
			buildConfigurationList = 4FAA41832B120F7E00D6E6AE /* Build configuration list for PBXNativeTarget "AppTestTemplate" */;
			buildPhases = (
				4FAA41712B120F7C00D6E6AE /* Sources */,
				4FAA41722B120F7C00D6E6AE /* Frameworks */,
				4FAA41732B120F7C00D6E6AE /* Resources */,
			);
			buildRules = (
			);
			dependencies = (
			);
			name = AppTestTemplate;
			productName = AppTestTemplate;
			productReference = 4FAA41752B120F7C00D6E6AE /* AppTestTemplate.app */;
			productType = "com.apple.product-type.application";
		};
/* End PBXNativeTarget section */

/* Begin PBXProject section */
		4FAA416D2B120F7C00D6E6AE /* Project object */ = {
			isa = PBXProject;
			attributes = {
				BuildIndependentTargetsInParallel = 1;
				LastSwiftUpdateCheck = 1430;
				LastUpgradeCheck = 1430;
				TargetAttributes = {
					4FAA41742B120F7C00D6E6AE = {
						CreatedOnToolsVersion = 14.3.1;
					};
				};
			};
			buildConfigurationList = 4FAA41702B120F7C00D6E6AE /* Build configuration list for PBXProject "AppTestTemplate" */;
			compatibilityVersion = "Xcode 14.0";
			developmentRegion = en;
			hasScannedForEncodings = 0;
			knownRegions = (
				en,
				Base,
			);
			mainGroup = 4FAA416C2B120F7C00D6E6AE;
			productRefGroup = 4FAA41762B120F7C00D6E6AE /* Products */;
			projectDirPath = "";
			projectRoot = "";
			targets = (
				4FAA41742B120F7C00D6E6AE /* AppTestTemplate */,
			);
		};
/* End PBXProject section */

/* Begin PBXResourcesBuildPhase section */
		4FAA41732B120F7C00D6E6AE /* Resources */ = {
			isa = PBXResourcesBuildPhase;
			buildActionMask = 2147483647;
			files = (
				4FAA41802B120F7E00D6E6AE /* Preview Assets.xcassets in Resources */,
				4FAA417D2B120F7E00D6E6AE /* Assets.xcassets in Resources */,
			);
			runOnlyForDeploymentPostprocessing = 0;
		};
/* End PBXResourcesBuildPhase section */

/* Begin PBXSourcesBuildPhase section */
		4FAA41712B120F7C00D6E6AE /* Sources */ = {
			isa = PBXSourcesBuildPhase;
			buildActionMask = 2147483647;
			files = (
				4FBB3CA72B4AA3E30053C661 /* DemoPage1.swift in Sources */,
				4FAA417B2B120F7C00D6E6AE /* ContentView.swift in Sources */,
				4FBB3CA92B4AA7C00053C661 /* DemoPage2.swift in Sources */,
				4FBB3CAD2B4AB1B40053C661 /* DemoPage3.swift in Sources */,
				4FAA41792B120F7C00D6E6AE /* AppTestTemplateApp.swift in Sources */,
				4F7E9D782B4AC70900147FAB /* DemoPage.swift in Sources */,
			);
			runOnlyForDeploymentPostprocessing = 0;
		};
/* End PBXSourcesBuildPhase section */

/* Begin XCBuildConfiguration section */
		4FAA41812B120F7E00D6E6AE /* Debug */ = {
			isa = XCBuildConfiguration;
			buildSettings = {
				ALWAYS_SEARCH_USER_PATHS = NO;
				CLANG_ANALYZER_NONNULL = YES;
				CLANG_ANALYZER_NUMBER_OBJECT_CONVERSION = YES_AGGRESSIVE;
				CLANG_CXX_LANGUAGE_STANDARD = "gnu++20";
				CLANG_ENABLE_MODULES = YES;
				CLANG_ENABLE_OBJC_ARC = YES;
				CLANG_ENABLE_OBJC_WEAK = YES;
				CLANG_WARN_BLOCK_CAPTURE_AUTORELEASING = YES;
				CLANG_WARN_BOOL_CONVERSION = YES;
				CLANG_WARN_COMMA = YES;
				CLANG_WARN_CONSTANT_CONVERSION = YES;
				CLANG_WARN_DEPRECATED_OBJC_IMPLEMENTATIONS = YES;
				CLANG_WARN_DIRECT_OBJC_ISA_USAGE = YES_ERROR;
				CLANG_WARN_DOCUMENTATION_COMMENTS = YES;
				CLANG_WARN_EMPTY_BODY = YES;
				CLANG_WARN_ENUM_CONVERSION = YES;
				CLANG_WARN_INFINITE_RECURSION = YES;
				CLANG_WARN_INT_CONVERSION = YES;
				CLANG_WARN_NON_LITERAL_NULL_CONVERSION = YES;
				CLANG_WARN_OBJC_IMPLICIT_RETAIN_SELF = YES;
				CLANG_WARN_OBJC_LITERAL_CONVERSION = YES;
				CLANG_WARN_OBJC_ROOT_CLASS = YES_ERROR;
				CLANG_WARN_QUOTED_INCLUDE_IN_FRAMEWORK_HEADER = YES;
				CLANG_WARN_RANGE_LOOP_ANALYSIS = YES;
				CLANG_WARN_STRICT_PROTOTYPES = YES;
				CLANG_WARN_SUSPICIOUS_MOVE = YES;
				CLANG_WARN_UNGUARDED_AVAILABILITY = YES_AGGRESSIVE;
				CLANG_WARN_UNREACHABLE_CODE = YES;
				CLANG_WARN__DUPLICATE_METHOD_MATCH = YES;
				COPY_PHASE_STRIP = NO;
				DEBUG_INFORMATION_FORMAT = dwarf;
				ENABLE_STRICT_OBJC_MSGSEND = YES;
				ENABLE_TESTABILITY = YES;
				GCC_C_LANGUAGE_STANDARD = gnu11;
				GCC_DYNAMIC_NO_PIC = NO;
				GCC_NO_COMMON_BLOCKS = YES;
				GCC_OPTIMIZATION_LEVEL = 0;
				GCC_PREPROCESSOR_DEFINITIONS = (
					"DEBUG=1",
					"$(inherited)",
				);
				GCC_WARN_64_TO_32_BIT_CONVERSION = YES;
				GCC_WARN_ABOUT_RETURN_TYPE = YES_ERROR;
				GCC_WARN_UNDECLARED_SELECTOR = YES;
				GCC_WARN_UNINITIALIZED_AUTOS = YES_AGGRESSIVE;
				GCC_WARN_UNUSED_FUNCTION = YES;
				GCC_WARN_UNUSED_VARIABLE = YES;
				IPHONEOS_DEPLOYMENT_TARGET = 14.0;
				MTL_ENABLE_DEBUG_INFO = INCLUDE_SOURCE;
				MTL_FAST_MATH = YES;
				ONLY_ACTIVE_ARCH = YES;
				SDKROOT = iphoneos;
				SWIFT_ACTIVE_COMPILATION_CONDITIONS = DEBUG;
				SWIFT_OPTIMIZATION_LEVEL = "-Onone";
			};
			name = Debug;
		};
		4FAA41822B120F7E00D6E6AE /* Release */ = {
			isa = XCBuildConfiguration;
			buildSettings = {
				ALWAYS_SEARCH_USER_PATHS = NO;
				CLANG_ANALYZER_NONNULL = YES;
				CLANG_ANALYZER_NUMBER_OBJECT_CONVERSION = YES_AGGRESSIVE;
				CLANG_CXX_LANGUAGE_STANDARD = "gnu++20";
				CLANG_ENABLE_MODULES = YES;
				CLANG_ENABLE_OBJC_ARC = YES;
				CLANG_ENABLE_OBJC_WEAK = YES;
				CLANG_WARN_BLOCK_CAPTURE_AUTORELEASING = YES;
				CLANG_WARN_BOOL_CONVERSION = YES;
				CLANG_WARN_COMMA = YES;
				CLANG_WARN_CONSTANT_CONVERSION = YES;
				CLANG_WARN_DEPRECATED_OBJC_IMPLEMENTATIONS = YES;
				CLANG_WARN_DIRECT_OBJC_ISA_USAGE = YES_ERROR;
				CLANG_WARN_DOCUMENTATION_COMMENTS = YES;
				CLANG_WARN_EMPTY_BODY = YES;
				CLANG_WARN_ENUM_CONVERSION = YES;
				CLANG_WARN_INFINITE_RECURSION = YES;
				CLANG_WARN_INT_CONVERSION = YES;
				CLANG_WARN_NON_LITERAL_NULL_CONVERSION = YES;
				CLANG_WARN_OBJC_IMPLICIT_RETAIN_SELF = YES;
				CLANG_WARN_OBJC_LITERAL_CONVERSION = YES;
				CLANG_WARN_OBJC_ROOT_CLASS = YES_ERROR;
				CLANG_WARN_QUOTED_INCLUDE_IN_FRAMEWORK_HEADER = YES;
				CLANG_WARN_RANGE_LOOP_ANALYSIS = YES;
				CLANG_WARN_STRICT_PROTOTYPES = YES;
				CLANG_WARN_SUSPICIOUS_MOVE = YES;
				CLANG_WARN_UNGUARDED_AVAILABILITY = YES_AGGRESSIVE;
				CLANG_WARN_UNREACHABLE_CODE = YES;
				CLANG_WARN__DUPLICATE_METHOD_MATCH = YES;
				COPY_PHASE_STRIP = NO;
				DEBUG_INFORMATION_FORMAT = "dwarf-with-dsym";
				ENABLE_NS_ASSERTIONS = NO;
				ENABLE_STRICT_OBJC_MSGSEND = YES;
				GCC_C_LANGUAGE_STANDARD = gnu11;
				GCC_NO_COMMON_BLOCKS = YES;
				GCC_WARN_64_TO_32_BIT_CONVERSION = YES;
				GCC_WARN_ABOUT_RETURN_TYPE = YES_ERROR;
				GCC_WARN_UNDECLARED_SELECTOR = YES;
				GCC_WARN_UNINITIALIZED_AUTOS = YES_AGGRESSIVE;
				GCC_WARN_UNUSED_FUNCTION = YES;
				GCC_WARN_UNUSED_VARIABLE = YES;
				IPHONEOS_DEPLOYMENT_TARGET = 14.0;
				MTL_ENABLE_DEBUG_INFO = NO;
				MTL_FAST_MATH = YES;
				SDKROOT = iphoneos;
				SWIFT_COMPILATION_MODE = wholemodule;
				SWIFT_OPTIMIZATION_LEVEL = "-O";
				VALIDATE_PRODUCT = YES;
			};
			name = Release;
		};
		4FAA41842B120F7E00D6E6AE /* Debug */ = {
			isa = XCBuildConfiguration;
			buildSettings = {
				ASSETCATALOG_COMPILER_APPICON_NAME = AppIcon;
				ASSETCATALOG_COMPILER_GLOBAL_ACCENT_COLOR_NAME = AccentColor;
				CODE_SIGN_STYLE = Automatic;
				CURRENT_PROJECT_VERSION = 1;
				DEVELOPMENT_ASSET_PATHS = "\"AppTestTemplate/Preview Content\"";
				ENABLE_PREVIEWS = YES;
				GENERATE_INFOPLIST_FILE = YES;
				INFOPLIST_KEY_UIApplicationSceneManifest_Generation = YES;
				INFOPLIST_KEY_UIApplicationSupportsIndirectInputEvents = YES;
				INFOPLIST_KEY_UILaunchScreen_Generation = YES;
				INFOPLIST_KEY_UISupportedInterfaceOrientations_iPad = "UIInterfaceOrientationPortrait UIInterfaceOrientationPortraitUpsideDown UIInterfaceOrientationLandscapeLeft UIInterfaceOrientationLandscapeRight";
				INFOPLIST_KEY_UISupportedInterfaceOrientations_iPhone = "UIInterfaceOrientationPortrait UIInterfaceOrientationLandscapeLeft UIInterfaceOrientationLandscapeRight";
				LD_RUNPATH_SEARCH_PATHS = (
					"$(inherited)",
					"@executable_path/Frameworks",
				);
				MARKETING_VERSION = 1.0;
				PRODUCT_BUNDLE_IDENTIFIER = com.wc.AppTestTemplate;
				PRODUCT_NAME = "$(TARGET_NAME)";
				SWIFT_EMIT_LOC_STRINGS = YES;
				SWIFT_VERSION = 5.0;
				TARGETED_DEVICE_FAMILY = "1,2";
			};
			name = Debug;
		};
		4FAA41852B120F7E00D6E6AE /* Release */ = {
			isa = XCBuildConfiguration;
			buildSettings = {
				ASSETCATALOG_COMPILER_APPICON_NAME = AppIcon;
				ASSETCATALOG_COMPILER_GLOBAL_ACCENT_COLOR_NAME = AccentColor;
				CODE_SIGN_STYLE = Automatic;
				CURRENT_PROJECT_VERSION = 1;
				DEVELOPMENT_ASSET_PATHS = "\"AppTestTemplate/Preview Content\"";
				ENABLE_PREVIEWS = YES;
				GENERATE_INFOPLIST_FILE = YES;
				INFOPLIST_KEY_UIApplicationSceneManifest_Generation = YES;
				INFOPLIST_KEY_UIApplicationSupportsIndirectInputEvents = YES;
				INFOPLIST_KEY_UILaunchScreen_Generation = YES;
				INFOPLIST_KEY_UISupportedInterfaceOrientations_iPad = "UIInterfaceOrientationPortrait UIInterfaceOrientationPortraitUpsideDown UIInterfaceOrientationLandscapeLeft UIInterfaceOrientationLandscapeRight";
				INFOPLIST_KEY_UISupportedInterfaceOrientations_iPhone = "UIInterfaceOrientationPortrait UIInterfaceOrientationLandscapeLeft UIInterfaceOrientationLandscapeRight";
				LD_RUNPATH_SEARCH_PATHS = (
					"$(inherited)",
					"@executable_path/Frameworks",
				);
				MARKETING_VERSION = 1.0;
				PRODUCT_BUNDLE_IDENTIFIER = com.wc.AppTestTemplate;
				PRODUCT_NAME = "$(TARGET_NAME)";
				SWIFT_EMIT_LOC_STRINGS = YES;
				SWIFT_VERSION = 5.0;
				TARGETED_DEVICE_FAMILY = "1,2";
			};
			name = Release;
		};
/* End XCBuildConfiguration section */

/* Begin XCConfigurationList section */
		4FAA41702B120F7C00D6E6AE /* Build configuration list for PBXProject "AppTestTemplate" */ = {
			isa = XCConfigurationList;
			buildConfigurations = (
				4FAA41812B120F7E00D6E6AE /* Debug */,
				4FAA41822B120F7E00D6E6AE /* Release */,
			);
			defaultConfigurationIsVisible = 0;
			defaultConfigurationName = Release;
		};
		4FAA41832B120F7E00D6E6AE /* Build configuration list for PBXNativeTarget "AppTestTemplate" */ = {
			isa = XCConfigurationList;
			buildConfigurations = (
				4FAA41842B120F7E00D6E6AE /* Debug */,
				4FAA41852B120F7E00D6E6AE /* Release */,
			);
			defaultConfigurationIsVisible = 0;
			defaultConfigurationName = Release;
		};
/* End XCConfigurationList section */
	};
	rootObject = 4FAA416D2B120F7C00D6E6AE /* Project object */;
}
