// !$*UTF8*$!
{
	archiveVersion = 1;
	classes = {
	};
	objectVersion = 56;
	objects = {

/* Begin PBXBuildFile section */
		4F2AED8D2B937A880004291F /* HelloControlApp.swift in Sources */ = {isa = PBXBuildFile; fileRef = 4F2AED8C2B937A880004291F /* HelloControlApp.swift */; };
		4F2AED8F2B937A880004291F /* ContentView.swift in Sources */ = {isa = PBXBuildFile; fileRef = 4F2AED8E2B937A880004291F /* ContentView.swift */; };
		4F2AED912B937A8A0004291F /* Assets.xcassets in Resources */ = {isa = PBXBuildFile; fileRef = 4F2AED902B937A8A0004291F /* Assets.xcassets */; };
		4F2AED942B937A8A0004291F /* Preview Assets.xcassets in Resources */ = {isa = PBXBuildFile; fileRef = 4F2AED932B937A8A0004291F /* Preview Assets.xcassets */; };
		4F2AEDA22B937AAE0004291F /* DemoPage.swift in Sources */ = {isa = PBXBuildFile; fileRef = 4F2AED9E2B937AAE0004291F /* DemoPage.swift */; };
		4F2AEDA72B937B370004291F /* ShowCapsuleHorizontally.swift in Sources */ = {isa = PBXBuildFile; fileRef = 4F2AEDA42B937B370004291F /* ShowCapsuleHorizontally.swift */; };
		4F2AEDA82B937B370004291F /* ShowCapsuleVertically.swift in Sources */ = {isa = PBXBuildFile; fileRef = 4F2AEDA52B937B370004291F /* ShowCapsuleVertically.swift */; };
		4F2AEDA92B937B370004291F /* ShowCapsuleAligned.swift in Sources */ = {isa = PBXBuildFile; fileRef = 4F2AEDA62B937B370004291F /* ShowCapsuleAligned.swift */; };
		4F2AEDAC2B937C800004291F /* UseOffset.swift in Sources */ = {isa = PBXBuildFile; fileRef = 4F2AEDAB2B937C800004291F /* UseOffset.swift */; };
		4F2AEDB22B937E2A0004291F /* ToggleStyle.swift in Sources */ = {isa = PBXBuildFile; fileRef = 4F2AEDB02B937E2A0004291F /* ToggleStyle.swift */; };
		4F2AEDB32B937E2A0004291F /* ToggleInitialization.swift in Sources */ = {isa = PBXBuildFile; fileRef = 4F2AEDB12B937E2A0004291F /* ToggleInitialization.swift */; };
		4F2AEDB62B937EC40004291F /* UsePicker.swift in Sources */ = {isa = PBXBuildFile; fileRef = 4F2AEDB52B937EC40004291F /* UsePicker.swift */; };
/* End PBXBuildFile section */

/* Begin PBXFileReference section */
		4F2AED892B937A880004291F /* HelloControl.app */ = {isa = PBXFileReference; explicitFileType = wrapper.application; includeInIndex = 0; path = HelloControl.app; sourceTree = BUILT_PRODUCTS_DIR; };
		4F2AED8C2B937A880004291F /* HelloControlApp.swift */ = {isa = PBXFileReference; lastKnownFileType = sourcecode.swift; path = HelloControlApp.swift; sourceTree = "<group>"; };
		4F2AED8E2B937A880004291F /* ContentView.swift */ = {isa = PBXFileReference; lastKnownFileType = sourcecode.swift; path = ContentView.swift; sourceTree = "<group>"; };
		4F2AED902B937A8A0004291F /* Assets.xcassets */ = {isa = PBXFileReference; lastKnownFileType = folder.assetcatalog; path = Assets.xcassets; sourceTree = "<group>"; };
		4F2AED932B937A8A0004291F /* Preview Assets.xcassets */ = {isa = PBXFileReference; lastKnownFileType = folder.assetcatalog; path = "Preview Assets.xcassets"; sourceTree = "<group>"; };
		4F2AED9E2B937AAE0004291F /* DemoPage.swift */ = {isa = PBXFileReference; fileEncoding = 4; lastKnownFileType = sourcecode.swift; path = DemoPage.swift; sourceTree = "<group>"; };
		4F2AEDA42B937B370004291F /* ShowCapsuleHorizontally.swift */ = {isa = PBXFileReference; fileEncoding = 4; lastKnownFileType = sourcecode.swift; path = ShowCapsuleHorizontally.swift; sourceTree = "<group>"; };
		4F2AEDA52B937B370004291F /* ShowCapsuleVertically.swift */ = {isa = PBXFileReference; fileEncoding = 4; lastKnownFileType = sourcecode.swift; path = ShowCapsuleVertically.swift; sourceTree = "<group>"; };
		4F2AEDA62B937B370004291F /* ShowCapsuleAligned.swift */ = {isa = PBXFileReference; fileEncoding = 4; lastKnownFileType = sourcecode.swift; path = ShowCapsuleAligned.swift; sourceTree = "<group>"; };
		4F2AEDAB2B937C800004291F /* UseOffset.swift */ = {isa = PBXFileReference; fileEncoding = 4; lastKnownFileType = sourcecode.swift; path = UseOffset.swift; sourceTree = "<group>"; };
		4F2AEDB02B937E2A0004291F /* ToggleStyle.swift */ = {isa = PBXFileReference; fileEncoding = 4; lastKnownFileType = sourcecode.swift; path = ToggleStyle.swift; sourceTree = "<group>"; };
		4F2AEDB12B937E2A0004291F /* ToggleInitialization.swift */ = {isa = PBXFileReference; fileEncoding = 4; lastKnownFileType = sourcecode.swift; path = ToggleInitialization.swift; sourceTree = "<group>"; };
		4F2AEDB52B937EC40004291F /* UsePicker.swift */ = {isa = PBXFileReference; fileEncoding = 4; lastKnownFileType = sourcecode.swift; path = UsePicker.swift; sourceTree = "<group>"; };
/* End PBXFileReference section */

/* Begin PBXFrameworksBuildPhase section */
		4F2AED862B937A880004291F /* Frameworks */ = {
			isa = PBXFrameworksBuildPhase;
			buildActionMask = 2147483647;
			files = (
			);
			runOnlyForDeploymentPostprocessing = 0;
		};
/* End PBXFrameworksBuildPhase section */

/* Begin PBXGroup section */
		4F2AED802B937A880004291F = {
			isa = PBXGroup;
			children = (
				4F2AED8B2B937A880004291F /* HelloControl */,
				4F2AED8A2B937A880004291F /* Products */,
			);
			sourceTree = "<group>";
		};
		4F2AED8A2B937A880004291F /* Products */ = {
			isa = PBXGroup;
			children = (
				4F2AED892B937A880004291F /* HelloControl.app */,
			);
			name = Products;
			sourceTree = "<group>";
		};
		4F2AED8B2B937A880004291F /* HelloControl */ = {
			isa = PBXGroup;
			children = (
				4F2AED9A2B937AAE0004291F /* AppTestDemos */,
				4F2AED9E2B937AAE0004291F /* DemoPage.swift */,
				4F2AED8C2B937A880004291F /* HelloControlApp.swift */,
				4F2AED8E2B937A880004291F /* ContentView.swift */,
				4F2AED902B937A8A0004291F /* Assets.xcassets */,
				4F2AED922B937A8A0004291F /* Preview Content */,
			);
			path = HelloControl;
			sourceTree = "<group>";
		};
		4F2AED922B937A8A0004291F /* Preview Content */ = {
			isa = PBXGroup;
			children = (
				4F2AED932B937A8A0004291F /* Preview Assets.xcassets */,
			);
			path = "Preview Content";
			sourceTree = "<group>";
		};
		4F2AED9A2B937AAE0004291F /* AppTestDemos */ = {
			isa = PBXGroup;
			children = (
				4F2AEDA32B937B370004291F /* Capsules */,
				4F2AEDB42B937E980004291F /* Pickers */,
				4F2AEDAA2B937BED0004291F /* Properties */,
				4F2AEDAF2B937DD70004291F /* Toggles */,
			);
			path = AppTestDemos;
			sourceTree = "<group>";
		};
		4F2AEDA32B937B370004291F /* Capsules */ = {
			isa = PBXGroup;
			children = (
				4F2AEDA62B937B370004291F /* ShowCapsuleAligned.swift */,
				4F2AEDA42B937B370004291F /* ShowCapsuleHorizontally.swift */,
				4F2AEDA52B937B370004291F /* ShowCapsuleVertically.swift */,
			);
			path = Capsules;
			sourceTree = "<group>";
		};
		4F2AEDAA2B937BED0004291F /* Properties */ = {
			isa = PBXGroup;
			children = (
				4F2AEDAB2B937C800004291F /* UseOffset.swift */,
			);
			path = Properties;
			sourceTree = "<group>";
		};
		4F2AEDAF2B937DD70004291F /* Toggles */ = {
			isa = PBXGroup;
			children = (
				4F2AEDB12B937E2A0004291F /* ToggleInitialization.swift */,
				4F2AEDB02B937E2A0004291F /* ToggleStyle.swift */,
			);
			path = Toggles;
			sourceTree = "<group>";
		};
		4F2AEDB42B937E980004291F /* Pickers */ = {
			isa = PBXGroup;
			children = (
				4F2AEDB52B937EC40004291F /* UsePicker.swift */,
			);
			path = Pickers;
			sourceTree = "<group>";
		};
/* End PBXGroup section */

/* Begin PBXNativeTarget section */
		4F2AED882B937A880004291F /* HelloControl */ = {
			isa = PBXNativeTarget;
			buildConfigurationList = 4F2AED972B937A8A0004291F /* Build configuration list for PBXNativeTarget "HelloControl" */;
			buildPhases = (
				4F2AED852B937A880004291F /* Sources */,
				4F2AED862B937A880004291F /* Frameworks */,
				4F2AED872B937A880004291F /* Resources */,
			);
			buildRules = (
			);
			dependencies = (
			);
			name = HelloControl;
			productName = HelloControl;
			productReference = 4F2AED892B937A880004291F /* HelloControl.app */;
			productType = "com.apple.product-type.application";
		};
/* End PBXNativeTarget section */

/* Begin PBXProject section */
		4F2AED812B937A880004291F /* Project object */ = {
			isa = PBXProject;
			attributes = {
				BuildIndependentTargetsInParallel = 1;
				LastSwiftUpdateCheck = 1520;
				LastUpgradeCheck = 1520;
				TargetAttributes = {
					4F2AED882B937A880004291F = {
						CreatedOnToolsVersion = 15.2;
					};
				};
			};
			buildConfigurationList = 4F2AED842B937A880004291F /* Build configuration list for PBXProject "HelloControl" */;
			compatibilityVersion = "Xcode 14.0";
			developmentRegion = en;
			hasScannedForEncodings = 0;
			knownRegions = (
				en,
				Base,
			);
			mainGroup = 4F2AED802B937A880004291F;
			productRefGroup = 4F2AED8A2B937A880004291F /* Products */;
			projectDirPath = "";
			projectRoot = "";
			targets = (
				4F2AED882B937A880004291F /* HelloControl */,
			);
		};
/* End PBXProject section */

/* Begin PBXResourcesBuildPhase section */
		4F2AED872B937A880004291F /* Resources */ = {
			isa = PBXResourcesBuildPhase;
			buildActionMask = 2147483647;
			files = (
				4F2AED942B937A8A0004291F /* Preview Assets.xcassets in Resources */,
				4F2AED912B937A8A0004291F /* Assets.xcassets in Resources */,
			);
			runOnlyForDeploymentPostprocessing = 0;
		};
/* End PBXResourcesBuildPhase section */

/* Begin PBXSourcesBuildPhase section */
		4F2AED852B937A880004291F /* Sources */ = {
			isa = PBXSourcesBuildPhase;
			buildActionMask = 2147483647;
			files = (
				4F2AEDAC2B937C800004291F /* UseOffset.swift in Sources */,
				4F2AED8F2B937A880004291F /* ContentView.swift in Sources */,
				4F2AEDA82B937B370004291F /* ShowCapsuleVertically.swift in Sources */,
				4F2AED8D2B937A880004291F /* HelloControlApp.swift in Sources */,
				4F2AEDA92B937B370004291F /* ShowCapsuleAligned.swift in Sources */,
				4F2AEDB32B937E2A0004291F /* ToggleInitialization.swift in Sources */,
				4F2AEDA72B937B370004291F /* ShowCapsuleHorizontally.swift in Sources */,
				4F2AEDB62B937EC40004291F /* UsePicker.swift in Sources */,
				4F2AEDA22B937AAE0004291F /* DemoPage.swift in Sources */,
				4F2AEDB22B937E2A0004291F /* ToggleStyle.swift in Sources */,
			);
			runOnlyForDeploymentPostprocessing = 0;
		};
/* End PBXSourcesBuildPhase section */

/* Begin XCBuildConfiguration section */
		4F2AED952B937A8A0004291F /* Debug */ = {
			isa = XCBuildConfiguration;
			buildSettings = {
				ALWAYS_SEARCH_USER_PATHS = NO;
				ASSETCATALOG_COMPILER_GENERATE_SWIFT_ASSET_SYMBOL_EXTENSIONS = YES;
				CLANG_ANALYZER_NONNULL = YES;
				CLANG_ANALYZER_NUMBER_OBJECT_CONVERSION = YES_AGGRESSIVE;
				CLANG_CXX_LANGUAGE_STANDARD = "gnu++20";
				CLANG_ENABLE_MODULES = YES;
				CLANG_ENABLE_OBJC_ARC = YES;
				CLANG_ENABLE_OBJC_WEAK = YES;
				CLANG_WARN_BLOCK_CAPTURE_AUTORELEASING = YES;
				CLANG_WARN_BOOL_CONVERSION = YES;
				CLANG_WARN_COMMA = YES;
				CLANG_WARN_CONSTANT_CONVERSION = YES;
				CLANG_WARN_DEPRECATED_OBJC_IMPLEMENTATIONS = YES;
				CLANG_WARN_DIRECT_OBJC_ISA_USAGE = YES_ERROR;
				CLANG_WARN_DOCUMENTATION_COMMENTS = YES;
				CLANG_WARN_EMPTY_BODY = YES;
				CLANG_WARN_ENUM_CONVERSION = YES;
				CLANG_WARN_INFINITE_RECURSION = YES;
				CLANG_WARN_INT_CONVERSION = YES;
				CLANG_WARN_NON_LITERAL_NULL_CONVERSION = YES;
				CLANG_WARN_OBJC_IMPLICIT_RETAIN_SELF = YES;
				CLANG_WARN_OBJC_LITERAL_CONVERSION = YES;
				CLANG_WARN_OBJC_ROOT_CLASS = YES_ERROR;
				CLANG_WARN_QUOTED_INCLUDE_IN_FRAMEWORK_HEADER = YES;
				CLANG_WARN_RANGE_LOOP_ANALYSIS = YES;
				CLANG_WARN_STRICT_PROTOTYPES = YES;
				CLANG_WARN_SUSPICIOUS_MOVE = YES;
				CLANG_WARN_UNGUARDED_AVAILABILITY = YES_AGGRESSIVE;
				CLANG_WARN_UNREACHABLE_CODE = YES;
				CLANG_WARN__DUPLICATE_METHOD_MATCH = YES;
				COPY_PHASE_STRIP = NO;
				DEBUG_INFORMATION_FORMAT = dwarf;
				ENABLE_STRICT_OBJC_MSGSEND = YES;
				ENABLE_TESTABILITY = YES;
				ENABLE_USER_SCRIPT_SANDBOXING = YES;
				GCC_C_LANGUAGE_STANDARD = gnu17;
				GCC_DYNAMIC_NO_PIC = NO;
				GCC_NO_COMMON_BLOCKS = YES;
				GCC_OPTIMIZATION_LEVEL = 0;
				GCC_PREPROCESSOR_DEFINITIONS = (
					"DEBUG=1",
					"$(inherited)",
				);
				GCC_WARN_64_TO_32_BIT_CONVERSION = YES;
				GCC_WARN_ABOUT_RETURN_TYPE = YES_ERROR;
				GCC_WARN_UNDECLARED_SELECTOR = YES;
				GCC_WARN_UNINITIALIZED_AUTOS = YES_AGGRESSIVE;
				GCC_WARN_UNUSED_FUNCTION = YES;
				GCC_WARN_UNUSED_VARIABLE = YES;
				IPHONEOS_DEPLOYMENT_TARGET = 14.0;
				LOCALIZATION_PREFERS_STRING_CATALOGS = YES;
				MTL_ENABLE_DEBUG_INFO = INCLUDE_SOURCE;
				MTL_FAST_MATH = YES;
				ONLY_ACTIVE_ARCH = YES;
				SDKROOT = iphoneos;
				SWIFT_ACTIVE_COMPILATION_CONDITIONS = "DEBUG $(inherited)";
				SWIFT_OPTIMIZATION_LEVEL = "-Onone";
			};
			name = Debug;
		};
		4F2AED962B937A8A0004291F /* Release */ = {
			isa = XCBuildConfiguration;
			buildSettings = {
				ALWAYS_SEARCH_USER_PATHS = NO;
				ASSETCATALOG_COMPILER_GENERATE_SWIFT_ASSET_SYMBOL_EXTENSIONS = YES;
				CLANG_ANALYZER_NONNULL = YES;
				CLANG_ANALYZER_NUMBER_OBJECT_CONVERSION = YES_AGGRESSIVE;
				CLANG_CXX_LANGUAGE_STANDARD = "gnu++20";
				CLANG_ENABLE_MODULES = YES;
				CLANG_ENABLE_OBJC_ARC = YES;
				CLANG_ENABLE_OBJC_WEAK = YES;
				CLANG_WARN_BLOCK_CAPTURE_AUTORELEASING = YES;
				CLANG_WARN_BOOL_CONVERSION = YES;
				CLANG_WARN_COMMA = YES;
				CLANG_WARN_CONSTANT_CONVERSION = YES;
				CLANG_WARN_DEPRECATED_OBJC_IMPLEMENTATIONS = YES;
				CLANG_WARN_DIRECT_OBJC_ISA_USAGE = YES_ERROR;
				CLANG_WARN_DOCUMENTATION_COMMENTS = YES;
				CLANG_WARN_EMPTY_BODY = YES;
				CLANG_WARN_ENUM_CONVERSION = YES;
				CLANG_WARN_INFINITE_RECURSION = YES;
				CLANG_WARN_INT_CONVERSION = YES;
				CLANG_WARN_NON_LITERAL_NULL_CONVERSION = YES;
				CLANG_WARN_OBJC_IMPLICIT_RETAIN_SELF = YES;
				CLANG_WARN_OBJC_LITERAL_CONVERSION = YES;
				CLANG_WARN_OBJC_ROOT_CLASS = YES_ERROR;
				CLANG_WARN_QUOTED_INCLUDE_IN_FRAMEWORK_HEADER = YES;
				CLANG_WARN_RANGE_LOOP_ANALYSIS = YES;
				CLANG_WARN_STRICT_PROTOTYPES = YES;
				CLANG_WARN_SUSPICIOUS_MOVE = YES;
				CLANG_WARN_UNGUARDED_AVAILABILITY = YES_AGGRESSIVE;
				CLANG_WARN_UNREACHABLE_CODE = YES;
				CLANG_WARN__DUPLICATE_METHOD_MATCH = YES;
				COPY_PHASE_STRIP = NO;
				DEBUG_INFORMATION_FORMAT = "dwarf-with-dsym";
				ENABLE_NS_ASSERTIONS = NO;
				ENABLE_STRICT_OBJC_MSGSEND = YES;
				ENABLE_USER_SCRIPT_SANDBOXING = YES;
				GCC_C_LANGUAGE_STANDARD = gnu17;
				GCC_NO_COMMON_BLOCKS = YES;
				GCC_WARN_64_TO_32_BIT_CONVERSION = YES;
				GCC_WARN_ABOUT_RETURN_TYPE = YES_ERROR;
				GCC_WARN_UNDECLARED_SELECTOR = YES;
				GCC_WARN_UNINITIALIZED_AUTOS = YES_AGGRESSIVE;
				GCC_WARN_UNUSED_FUNCTION = YES;
				GCC_WARN_UNUSED_VARIABLE = YES;
				IPHONEOS_DEPLOYMENT_TARGET = 14.0;
				LOCALIZATION_PREFERS_STRING_CATALOGS = YES;
				MTL_ENABLE_DEBUG_INFO = NO;
				MTL_FAST_MATH = YES;
				SDKROOT = iphoneos;
				SWIFT_COMPILATION_MODE = wholemodule;
				VALIDATE_PRODUCT = YES;
			};
			name = Release;
		};
		4F2AED982B937A8A0004291F /* Debug */ = {
			isa = XCBuildConfiguration;
			buildSettings = {
				ASSETCATALOG_COMPILER_APPICON_NAME = AppIcon;
				ASSETCATALOG_COMPILER_GLOBAL_ACCENT_COLOR_NAME = AccentColor;
				CODE_SIGN_STYLE = Automatic;
				CURRENT_PROJECT_VERSION = 1;
				DEVELOPMENT_ASSET_PATHS = "\"HelloControl/Preview Content\"";
				ENABLE_PREVIEWS = YES;
				GENERATE_INFOPLIST_FILE = YES;
				INFOPLIST_KEY_UIApplicationSceneManifest_Generation = YES;
				INFOPLIST_KEY_UIApplicationSupportsIndirectInputEvents = YES;
				INFOPLIST_KEY_UILaunchScreen_Generation = YES;
				INFOPLIST_KEY_UISupportedInterfaceOrientations_iPad = "UIInterfaceOrientationPortrait UIInterfaceOrientationPortraitUpsideDown UIInterfaceOrientationLandscapeLeft UIInterfaceOrientationLandscapeRight";
				INFOPLIST_KEY_UISupportedInterfaceOrientations_iPhone = "UIInterfaceOrientationPortrait UIInterfaceOrientationLandscapeLeft UIInterfaceOrientationLandscapeRight";
				LD_RUNPATH_SEARCH_PATHS = (
					"$(inherited)",
					"@executable_path/Frameworks",
				);
				MARKETING_VERSION = 1.0;
				PRODUCT_BUNDLE_IDENTIFIER = com.wc.HelloControl;
				PRODUCT_NAME = "$(TARGET_NAME)";
				SWIFT_EMIT_LOC_STRINGS = YES;
				SWIFT_VERSION = 5.0;
				TARGETED_DEVICE_FAMILY = "1,2";
			};
			name = Debug;
		};
		4F2AED992B937A8A0004291F /* Release */ = {
			isa = XCBuildConfiguration;
			buildSettings = {
				ASSETCATALOG_COMPILER_APPICON_NAME = AppIcon;
				ASSETCATALOG_COMPILER_GLOBAL_ACCENT_COLOR_NAME = AccentColor;
				CODE_SIGN_STYLE = Automatic;
				CURRENT_PROJECT_VERSION = 1;
				DEVELOPMENT_ASSET_PATHS = "\"HelloControl/Preview Content\"";
				ENABLE_PREVIEWS = YES;
				GENERATE_INFOPLIST_FILE = YES;
				INFOPLIST_KEY_UIApplicationSceneManifest_Generation = YES;
				INFOPLIST_KEY_UIApplicationSupportsIndirectInputEvents = YES;
				INFOPLIST_KEY_UILaunchScreen_Generation = YES;
				INFOPLIST_KEY_UISupportedInterfaceOrientations_iPad = "UIInterfaceOrientationPortrait UIInterfaceOrientationPortraitUpsideDown UIInterfaceOrientationLandscapeLeft UIInterfaceOrientationLandscapeRight";
				INFOPLIST_KEY_UISupportedInterfaceOrientations_iPhone = "UIInterfaceOrientationPortrait UIInterfaceOrientationLandscapeLeft UIInterfaceOrientationLandscapeRight";
				LD_RUNPATH_SEARCH_PATHS = (
					"$(inherited)",
					"@executable_path/Frameworks",
				);
				MARKETING_VERSION = 1.0;
				PRODUCT_BUNDLE_IDENTIFIER = com.wc.HelloControl;
				PRODUCT_NAME = "$(TARGET_NAME)";
				SWIFT_EMIT_LOC_STRINGS = YES;
				SWIFT_VERSION = 5.0;
				TARGETED_DEVICE_FAMILY = "1,2";
			};
			name = Release;
		};
/* End XCBuildConfiguration section */

/* Begin XCConfigurationList section */
		4F2AED842B937A880004291F /* Build configuration list for PBXProject "HelloControl" */ = {
			isa = XCConfigurationList;
			buildConfigurations = (
				4F2AED952B937A8A0004291F /* Debug */,
				4F2AED962B937A8A0004291F /* Release */,
			);
			defaultConfigurationIsVisible = 0;
			defaultConfigurationName = Release;
		};
		4F2AED972B937A8A0004291F /* Build configuration list for PBXNativeTarget "HelloControl" */ = {
			isa = XCConfigurationList;
			buildConfigurations = (
				4F2AED982B937A8A0004291F /* Debug */,
				4F2AED992B937A8A0004291F /* Release */,
			);
			defaultConfigurationIsVisible = 0;
			defaultConfigurationName = Release;
		};
/* End XCConfigurationList section */
	};
	rootObject = 4F2AED812B937A880004291F /* Project object */;
}
